<?xml version="1.0" encoding="utf-8"?>
<Project ToolsVersion="4.0" xmlns="http://schemas.microsoft.com/developer/msbuild/2003">
  <ItemGroup>
    <ClInclude Include="Nalmak3D_SR.h">
      <Filter>99.Default</Filter>
    </ClInclude>
    <ClInclude Include="Resource.h">
      <Filter>99.Default</Filter>
    </ClInclude>
    <ClInclude Include="targetver.h">
      <Filter>99.Default</Filter>
    </ClInclude>
    <ClInclude Include="..\Include\Extern.h">
      <Filter>98.PreCompile\02.Extern</Filter>
    </ClInclude>
    <ClInclude Include="..\Include\Enum.h">
      <Filter>98.PreCompile\01.Enum</Filter>
    </ClInclude>
    <ClInclude Include="..\Include\MainGame.h">
      <Filter>00.Main</Filter>
    </ClInclude>
    <ClInclude Include="stdafx.h">
      <Filter>98.PreCompile</Filter>
    </ClInclude>
    <ClInclude Include="..\Include\HeeTestScene.h">
      <Filter>01.Scene\01.Test\99%29GeunHeeTestScene</Filter>
    </ClInclude>
    <ClInclude Include="..\Include\EnemyManager.h">
      <Filter>02.Component\00.Manager\Enemy\00%29EnemyManager</Filter>
    </ClInclude>
    <ClInclude Include="..\Include\PlayerInfoManager.h">
      <Filter>02.Component\00.Manager\Player</Filter>
    </ClInclude>
    <ClInclude Include="..\Include\PlayerMove.h">
      <Filter>02.Component\00.Manager\Player\PlayerFSM</Filter>
    </ClInclude>
    <ClInclude Include="..\Include\MouseOption.h">
      <Filter>02.Component\00.Manager\Mouse</Filter>
    </ClInclude>
    <ClInclude Include="..\Include\Enemy_Idle.h">
      <Filter>02.Component\00.Manager\Enemy\02%29Enemy_Patterns\Idle</Filter>
    </ClInclude>
    <ClInclude Include="..\Include\Enemy_Chase.h">
      <Filter>02.Component\00.Manager\Enemy\02%29Enemy_Patterns\att_Chase</Filter>
    </ClInclude>
    <ClInclude Include="..\Include\Enemy_Hold.h">
      <Filter>02.Component\00.Manager\Enemy\02%29Enemy_Patterns\att_Hold</Filter>
    </ClInclude>
    <ClInclude Include="..\Include\SceneChanger.h">
      <Filter>02.Component\01.Utility</Filter>
    </ClInclude>
    <ClInclude Include="..\Include\Rader.h">
      <Filter>02.Component\02.UI</Filter>
    </ClInclude>
    <ClInclude Include="..\Include\SingleLine.h">
      <Filter>02.Component\02.UI</Filter>
    </ClInclude>
    <ClInclude Include="..\Include\ClimbTerrain.h">
      <Filter>02.Component\01.Utility</Filter>
    </ClInclude>
    <ClInclude Include="..\Include\PrintInfo.h">
      <Filter>02.Component\01.Utility</Filter>
    </ClInclude>
    <ClInclude Include="..\Include\PhantomScene.h">
      <Filter>01.Scene\01.Test</Filter>
    </ClInclude>
    <ClInclude Include="..\Include\GarageScene.h">
      <Filter>01.Scene\00.Game</Filter>
    </ClInclude>
    <ClInclude Include="..\Include\Stage2Scene.h">
      <Filter>01.Scene\00.Game</Filter>
    </ClInclude>
    <ClInclude Include="..\Include\StageScene.h">
      <Filter>01.Scene\00.Game</Filter>
    </ClInclude>
    <ClInclude Include="..\Include\StageSelectScene.h">
      <Filter>01.Scene\00.Game</Filter>
    </ClInclude>
    <ClInclude Include="..\Include\TitleScene.h">
      <Filter>01.Scene\00.Game</Filter>
    </ClInclude>
    <ClInclude Include="..\Include\UILabScene.h">
      <Filter>01.Scene\01.Test</Filter>
    </ClInclude>
    <ClInclude Include="..\Include\NalmakScene.h">
      <Filter>01.Scene\01.Test</Filter>
    </ClInclude>
    <ClInclude Include="..\Include\MoveBySpline.h" />
    <ClInclude Include="..\Include\DogFightState.h">
      <Filter>04.Combat State\00%29DogFight</Filter>
    </ClInclude>
    <ClInclude Include="..\Include\BossState.h">
      <Filter>04.Combat State\02%29Boss</Filter>
    </ClInclude>
    <ClInclude Include="..\Include\StageManager.h">
      <Filter>02.Component\00.Manager\StageStateManager</Filter>
    </ClInclude>
    <ClInclude Include="..\Include\EvasionState.h">
      <Filter>04.Combat State\01%29Evasion</Filter>
    </ClInclude>
    <ClInclude Include="..\Include\PlayerIdle.h">
      <Filter>02.Component\00.Manager\Player\PlayerFSM</Filter>
    </ClInclude>
    <ClInclude Include="..\Include\Define.h">
      <Filter>98.PreCompile\00.Define</Filter>
    </ClInclude>
    <ClInclude Include="..\Include\Enemy_Drop.h">
      <Filter>02.Component\00.Manager\Enemy\02%29Enemy_Patterns\att_Drop</Filter>
    </ClInclude>
    <ClInclude Include="..\Include\Enemy_Death.h">
      <Filter>02.Component\00.Manager\Enemy\02%29Enemy_Patterns\Death</Filter>
    </ClInclude>
    <ClInclude Include="..\Include\Struct.h">
      <Filter>98.PreCompile\03.Struct</Filter>
    </ClInclude>
    <ClInclude Include="..\Include\Enemy_Explosion.h">
      <Filter>02.Component\00.Manager\Enemy\02%29Enemy_Patterns\Explosion</Filter>
    </ClInclude>
    <ClInclude Include="..\Include\Enemy_Falling.h">
      <Filter>02.Component\00.Manager\Enemy\02%29Enemy_Patterns\Falling</Filter>
    </ClInclude>
    <ClInclude Include="..\Include\UIFactory.h">
      <Filter>97.Factory</Filter>
    </ClInclude>
    <ClInclude Include="..\Include\ScriptReady.h">
      <Filter>02.Component\03.Script\State</Filter>
    </ClInclude>
    <ClInclude Include="..\Include\ScriptEnd.h">
      <Filter>02.Component\03.Script\State</Filter>
    </ClInclude>
    <ClInclude Include="..\Include\ScriptPause.h">
      <Filter>02.Component\03.Script\State</Filter>
    </ClInclude>
    <ClInclude Include="..\Include\ScriptPlay.h">
      <Filter>02.Component\03.Script\State</Filter>
    </ClInclude>
    <ClInclude Include="..\Include\ScriptWait.h">
      <Filter>02.Component\03.Script\State</Filter>
    </ClInclude>
    <ClInclude Include="..\Include\ItemManager.h">
      <Filter>02.Component\00.Manager\ItemManger</Filter>
    </ClInclude>
    <ClInclude Include="..\Include\PlayerItem.h">
      <Filter>02.Component\00.Manager\ItemManger</Filter>
    </ClInclude>
    <ClInclude Include="..\Include\AimMissile.h">
      <Filter>02.Component\00.Manager\ItemManger</Filter>
    </ClInclude>
    <ClInclude Include="..\Include\Enemy.h">
      <Filter>02.Component\00.Manager\Enemy\01%29Enemy\Normal</Filter>
    </ClInclude>
    <ClInclude Include="..\Include\Crosshair.h">
      <Filter>02.Component\02.UI</Filter>
    </ClInclude>
    <ClInclude Include="..\Include\Scripter.h">
      <Filter>02.Component\03.Script</Filter>
    </ClInclude>
    <ClInclude Include="..\Include\UIWindowFactory.h">
      <Filter>97.Factory</Filter>
    </ClInclude>
    <ClInclude Include="..\Include\CustomDebuger.h">
      <Filter>96.Debuger</Filter>
    </ClInclude>
    <ClInclude Include="..\Include\EditController.h">
      <Filter>96.Debuger</Filter>
    </ClInclude>
    <ClInclude Include="..\Include\EnemyDetector.h">
      <Filter>02.Component\02.UI</Filter>
    </ClInclude>
    <ClInclude Include="..\Include\BossUIAnimator.h">
      <Filter>02.Component\05.Animator</Filter>
    </ClInclude>
    <ClInclude Include="..\Include\StageSelectCamera_Idle.h">
      <Filter>02.Component\04.StageSelectScene</Filter>
    </ClInclude>
    <ClInclude Include="..\Include\BulletDirMove.h">
      <Filter>02.Component\00.Manager\ItemManger</Filter>
    </ClInclude>
    <ClInclude Include="..\Include\EscapeSkill.h">
      <Filter>02.Component\00.Manager\ItemManger</Filter>
    </ClInclude>
    <ClInclude Include="..\Include\PlayerAttak.h">
      <Filter>02.Component\00.Manager\ItemManger</Filter>
    </ClInclude>
    <ClInclude Include="..\Include\SmallCannon.h">
      <Filter>02.Component\00.Manager\ItemManger</Filter>
    </ClInclude>
    <ClInclude Include="..\Include\PlayerShooter.h">
      <Filter>02.Component\00.Manager\Player</Filter>
    </ClInclude>
    <ClInclude Include="..\Include\PlayerSkillActor.h">
      <Filter>02.Component\00.Manager\Player</Filter>
    </ClInclude>
    <ClInclude Include="..\Include\ScaleDampingDeffender.h">
      <Filter>02.Component\00.Manager\Player</Filter>
    </ClInclude>
    <ClInclude Include="..\Include\PlayerEscapeState.h">
      <Filter>02.Component\00.Manager\Player\PlayerFSM</Filter>
    </ClInclude>
    <ClInclude Include="..\Include\ObjLoader.h" />
    <ClInclude Include="..\Include\PlayerShooter.h">
      <Filter>02.Component\01.Utility\00.Manager\Player</Filter>
    </ClInclude>
    <ClInclude Include="..\Include\BulletEffect_StretchBillboard.h" />
    <ClInclude Include="..\Include\GarageSceneCameraIntro.h">
      <Filter>02.Component\06.GarageScene</Filter>
    </ClInclude>
    <ClInclude Include="GarageSceneCameraAutoRotate.h">
      <Filter>02.Component\06.GarageScene</Filter>
    </ClInclude>
    <ClInclude Include="GarageSceneCameraZoomIn.h">
      <Filter>02.Component\06.GarageScene</Filter>
    </ClInclude>
    <ClInclude Include="..\Include\GarageSceneCameraInfo.h">
      <Filter>02.Component\06.GarageScene</Filter>
    </ClInclude>
    <ClInclude Include="..\Include\GarageSceneCameraMouseInput.h">
      <Filter>02.Component\06.GarageScene</Filter>
    </ClInclude>
    <ClInclude Include="..\Include\DeadTimer.h" />
    <ClInclude Include="..\Include\PlayerNone.h">
      <Filter>02.Component\00.Manager\Player\PlayerFSM</Filter>
    </ClInclude>
    <ClInclude Include="..\Include\Player_Weapon_Homing.h">
      <Filter>02.Component\00.Manager\ItemManger\Homing</Filter>
    </ClInclude>
    <ClInclude Include="..\Include\HomingBulletMove.h" />
    <ClInclude Include="..\Include\ClusterBulletMove.h">
      <Filter>02.Component\00.Manager\Player</Filter>
    </ClInclude>
    <ClInclude Include="..\Include\Player_ClusterMissile.h">
      <Filter>02.Component\00.Manager\ItemManger</Filter>
    </ClInclude>
    <ClInclude Include="..\Include\Player_EmpMissile.h">
      <Filter>02.Component\00.Manager\ItemManger\EmpMissile</Filter>
    </ClInclude>
    <ClInclude Include="..\Include\Player_EmpMove.h">
      <Filter>02.Component\00.Manager\ItemManger\EmpMissile\Component</Filter>
    </ClInclude>
    <ClInclude Include="..\Include\Player_EmpPulse.h">
      <Filter>02.Component\00.Manager\ItemManger\EmpMissile\Component</Filter>
    </ClInclude>
    <ClInclude Include="..\Include\MenuAnimator.h">
      <Filter>02.Component\05.Animator</Filter>
    </ClInclude>
    <ClInclude Include="..\Include\Player_NearGuideBullet.h" />
    <ClInclude Include="..\Include\FieldCameraInfo.h">
      <Filter>05. FieldCameraState</Filter>
    </ClInclude>
    <ClInclude Include="..\Include\FieldCameraSmoothFollowState.h">
      <Filter>05. FieldCameraState</Filter>
    </ClInclude>
    <ClInclude Include="..\Include\FieldCameraStartState.h">
      <Filter>05. FieldCameraState</Filter>
    </ClInclude>
    <ClInclude Include="..\Include\FieldCameraNearEnemyState.h">
      <Filter>05. FieldCameraState</Filter>
    </ClInclude>
    <ClInclude Include="..\Include\StageSelectCamera.h">
      <Filter>02.Component\04.StageSelectScene</Filter>
    </ClInclude>
    <ClInclude Include="..\Include\StageSelectCamera_Intro.h">
      <Filter>02.Component\04.StageSelectScene</Filter>
    </ClInclude>
    <ClInclude Include="..\Include\StageSelectCamera_Stage1.h">
      <Filter>02.Component\04.StageSelectScene</Filter>
    </ClInclude>
    <ClInclude Include="..\Include\StageSelectCamera_Stage2.h">
      <Filter>02.Component\04.StageSelectScene</Filter>
    </ClInclude>
    <ClInclude Include="..\Include\StageSelectSceneManager.h">
      <Filter>02.Component\04.StageSelectScene</Filter>
    </ClInclude>
    <ClInclude Include="..\Include\verticalBillboard.h">
      <Filter>02.Component\04.StageSelectScene</Filter>
    </ClInclude>
    <ClInclude Include="..\Include\MoveStageByMeshPicking.h">
      <Filter>02.Component\04.StageSelectScene</Filter>
    </ClInclude>
    <ClInclude Include="..\Include\ExplosionButton.h">
      <Filter>02.Component\04.StageSelectScene</Filter>
    </ClInclude>
    <ClInclude Include="..\Include\Ground.h">
      <Filter>02.Component\07.StageScene</Filter>
    </ClInclude>
    <ClInclude Include="..\Include\Player_Missile.h" />
    <ClInclude Include="..\Include\Player_AimMissile.h" />
    <ClInclude Include="..\Include\Enemy_Bullet_Manager.h">
      <Filter>02.Component\00.Manager\Enemy_BulletManager\Manager</Filter>
    </ClInclude>
    <ClInclude Include="..\Include\Enemy_Homing.h">
      <Filter>02.Component\00.Manager\Enemy_BulletManager\Homing</Filter>
    </ClInclude>
    <ClInclude Include="..\Include\Enemy_MachineGun.h">
      <Filter>02.Component\00.Manager\Enemy_BulletManager\MachineGun</Filter>
    </ClInclude>
    <ClInclude Include="..\Include\Enemy_Missile.h">
      <Filter>02.Component\00.Manager\Enemy_BulletManager\Missile</Filter>
    </ClInclude>
    <ClInclude Include="..\Include\Enemy_Boss.h">
      <Filter>02.Component\00.Manager\Enemy\01%29Enemy\Boss</Filter>
    </ClInclude>
    <ClInclude Include="..\Include\Enemy_AirFire_Evasion.h">
      <Filter>02.Component\00.Manager\Enemy\03%29Enemy_Evasion\AirFire</Filter>
    </ClInclude>
    <ClInclude Include="..\Include\Enemy_Circle_Evasion.h">
      <Filter>02.Component\00.Manager\Enemy\03%29Enemy_Evasion\Circle</Filter>
    </ClInclude>
    <ClInclude Include="..\Include\Enemy_CrossFire_Evasion.h">
      <Filter>02.Component\00.Manager\Enemy\03%29Enemy_Evasion\CrossFire</Filter>
    </ClInclude>
    <ClInclude Include="..\Include\Enemy_Diagonal_Evasion.h">
      <Filter>02.Component\00.Manager\Enemy\03%29Enemy_Evasion\Diagonal</Filter>
    </ClInclude>
    <ClInclude Include="..\Include\Enemy_Look_Evasion.h">
      <Filter>02.Component\00.Manager\Enemy\03%29Enemy_Evasion\Look</Filter>
    </ClInclude>
    <ClInclude Include="..\Include\Enemy_Prymide_Evasion.h">
      <Filter>02.Component\00.Manager\Enemy\03%29Enemy_Evasion\Prymide</Filter>
    </ClInclude>
    <ClInclude Include="..\Include\Enemy_Slide_Evasion.h">
      <Filter>02.Component\00.Manager\Enemy\03%29Enemy_Evasion\Slide</Filter>
    </ClInclude>
    <ClInclude Include="..\Include\Enemy_AirFire_TargetPlane.h">
      <Filter>02.Component\00.Manager\Enemy\03%29Enemy_Evasion\AirFire</Filter>
    </ClInclude>
    <ClInclude Include="..\Include\Enemy_Exit_Evasion.h">
      <Filter>02.Component\00.Manager\Enemy\03%29Enemy_Evasion\Exit</Filter>
    </ClInclude>
    <ClInclude Include="..\Include\Enemy_Evasion.h">
      <Filter>02.Component\00.Manager\Enemy\03%29Enemy_Evasion</Filter>
    </ClInclude>
    <ClInclude Include="..\Include\ParticleDead_IfCount0.h" />
    <ClInclude Include="..\Include\GeunHee_Fps_Shoot.h" />
    <ClInclude Include="..\Include\Player_WindEffect.h" />
    <ClInclude Include="..\Include\DogFight_Stage1.h">
      <Filter>04.Combat State\00%29DogFight</Filter>
    </ClInclude>
    <ClInclude Include="..\Include\ResultScene.h">
      <Filter>01.Scene\00.Game</Filter>
    </ClInclude>
    <ClInclude Include="..\Include\UIWindowFactory.h">
      <Filter>97.Factory</Filter>
    </ClInclude>
    <ClInclude Include="..\Include\GameManager.h">
      <Filter>02.Component\00.Manager\GameManager</Filter>
    </ClInclude>
    <ClInclude Include="..\Include\EndingScene.h">
      <Filter>01.Scene\00.Game</Filter>
    </ClInclude>
    <ClInclude Include="..\Include\UI_Alarm.h">
      <Filter>02.Component\02.UI</Filter>
    </ClInclude>
    <ClInclude Include="..\Include\UIManager.h">
      <Filter>02.Component\00.Manager\UIManager</Filter>
    </ClInclude>
    <ClInclude Include="..\Include\ItemButton.h">
      <Filter>02.Component\02.UI</Filter>
    </ClInclude>
    <ClInclude Include="..\Include\UI_ShopItemModel.h">
      <Filter>02.Component\02.UI</Filter>
    </ClInclude>
    <ClInclude Include="..\Include\UI_ShopMenu_Animator.h">
      <Filter>02.Component\05.Animator\Shop</Filter>
    </ClInclude>
    <ClInclude Include="..\Include\UI_ShopWnd_Animator.h">
      <Filter>02.Component\05.Animator\Shop</Filter>
    </ClInclude>
    <ClInclude Include="..\Include\FieldCameraEvationState.h">
      <Filter>__Phase2_Lab</Filter>
    </ClInclude>
    <ClInclude Include="..\Include\Enemy_MidBoss.h">
      <Filter>__Phase2_Lab</Filter>
    </ClInclude>
    <ClInclude Include="..\Include\MidBoss_Defense_Start.h">
      <Filter>__Phase2_Lab\phaseFSM\Actor\Midboss\4. Defense</Filter>
    </ClInclude>
    <ClInclude Include="..\Include\MidBoss_Sweep_Start.h">
      <Filter>__Phase2_Lab\phaseFSM\Actor\Midboss\2. Sweep</Filter>
    </ClInclude>
    <ClInclude Include="..\Include\MidBoss_Wave_Start.h">
      <Filter>__Phase2_Lab\phaseFSM\Actor\Midboss\1. Wave</Filter>
    </ClInclude>
    <ClInclude Include="..\Include\MidBoss_Idle.h">
      <Filter>__Phase2_Lab\phaseFSM\Actor\Midboss\00. Static</Filter>
    </ClInclude>
    <ClInclude Include="..\Include\MidBoss_MoveToCenter.h">
      <Filter>__Phase2_Lab\phaseFSM\Actor\Midboss\00. Static</Filter>
    </ClInclude>
    <ClInclude Include="..\Include\MidBoss_Rotate180.h">
      <Filter>__Phase2_Lab\phaseFSM\Actor\Midboss\00. Static</Filter>
    </ClInclude>
    <ClInclude Include="..\Include\MidBoss_Sweep_Right.h">
      <Filter>__Phase2_Lab\phaseFSM\Actor\Midboss\2. Sweep</Filter>
    </ClInclude>
    <ClInclude Include="..\Include\MidBoss_Sweep_Left.h">
      <Filter>__Phase2_Lab\phaseFSM\Actor\Midboss\2. Sweep</Filter>
    </ClInclude>
    <ClInclude Include="..\Include\MidBoss_Wave_Idle.h">
      <Filter>__Phase2_Lab\phaseFSM\Actor\Midboss\1. Wave</Filter>
    </ClInclude>
    <ClInclude Include="..\Include\MidBoss_Defense_Move.h">
      <Filter>__Phase2_Lab\phaseFSM\Actor\Midboss\4. Defense</Filter>
    </ClInclude>
    <ClInclude Include="..\Include\MidBoss_Wave_Attack.h">
      <Filter>__Phase2_Lab\phaseFSM\Actor\Midboss\1. Wave</Filter>
    </ClInclude>
    <ClInclude Include="..\Include\MidBoss_SingleBullet.h">
      <Filter>__Phase2_Lab</Filter>
    </ClInclude>
    <ClInclude Include="..\Include\MidBoss_Sweep_MoveToForward.h">
      <Filter>__Phase2_Lab\phaseFSM\Actor\Midboss\2. Sweep</Filter>
    </ClInclude>
    <ClInclude Include="..\Include\MidBoss_Laser_Fire.h">
      <Filter>__Phase2_Lab\phaseFSM\Actor\Midboss\3. Laser</Filter>
    </ClInclude>
    <ClInclude Include="..\Include\MidBoss_Laser_Charge.h">
      <Filter>__Phase2_Lab\phaseFSM\Actor\Midboss\3. Laser</Filter>
    </ClInclude>
    <ClInclude Include="..\Include\MidBoss_Laser_Discharge.h">
      <Filter>__Phase2_Lab\phaseFSM\Actor\Midboss\3. Laser</Filter>
    </ClInclude>
    <ClInclude Include="..\Include\MidBoss_Laser_Detach.h">
      <Filter>__Phase2_Lab\phaseFSM\Actor\Midboss\3. Laser</Filter>
    </ClInclude>
    <ClInclude Include="..\Include\MidBoss_Laser_Attach.h">
      <Filter>__Phase2_Lab\phaseFSM\Actor\Midboss\3. Laser</Filter>
    </ClInclude>
    <ClInclude Include="..\Include\Enemy_BulletProof.h">
      <Filter>__Phase2_Lab</Filter>
    </ClInclude>
    <ClInclude Include="..\Include\MidBoss_Laser_Start.h">
      <Filter>__Phase2_Lab\phaseFSM\Actor\Midboss\3. Laser</Filter>
    </ClInclude>
    <ClInclude Include="..\Include\MidBoss_Laser_Siege.h">
      <Filter>__Phase2_Lab\phaseFSM\Actor\Midboss\3. Laser</Filter>
    </ClInclude>
    <ClInclude Include="..\Include\Player.h">
      <Filter>02.Component\00.Manager\Player</Filter>
    </ClInclude>
    <ClInclude Include="..\Include\Player_FarAway.h">
      <Filter>02.Component\00.Manager\Player\PlayerFSM</Filter>
    </ClInclude>
    <ClInclude Include="..\Include\SmoothFollow.h">
      <Filter>02.Component\00.Manager\Camera\Component\SmoothFollow</Filter>
    </ClInclude>
    <ClInclude Include="..\Include\Camera_Evasion.h">
      <Filter>02.Component\00.Manager\Camera\State\2Phase_EvasionCamera</Filter>
    </ClInclude>
    <ClInclude Include="..\Include\Camera_Boss.h">
      <Filter>02.Component\00.Manager\Camera\State\3Phase_BossCamera</Filter>
    </ClInclude>
    <ClInclude Include="..\Include\Camera_Boss_Appear.h">
      <Filter>02.Component\00.Manager\Camera\State\3Phase_BossCamera</Filter>
    </ClInclude>
    <ClInclude Include="..\Include\Player_Boss_Move.h">
      <Filter>02.Component\00.Manager\Player\PlayerFSM\BossStageMove</Filter>
    </ClInclude>
    <ClInclude Include="..\Include\Player_Evasion_Enter.h">
      <Filter>02.Component\00.Manager\Player\PlayerFSM\EvasionStageMove</Filter>
    </ClInclude>
    <ClInclude Include="..\Include\Player_Evasion_Move.h">
      <Filter>02.Component\00.Manager\Player\PlayerFSM\EvasionStageMove</Filter>
    </ClInclude>
    <ClInclude Include="..\Include\Player_Boss_Enter.h">
      <Filter>02.Component\00.Manager\Player\PlayerFSM\BossStageMove</Filter>
    </ClInclude>
    <ClInclude Include="..\Include\Boss_Enter.h">
      <Filter>02.Component\00.Manager\Enemy\04%29Boss_Pattern</Filter>
    </ClInclude>
    <ClInclude Include="..\Include\Boss_Interrupt.h">
      <Filter>02.Component\00.Manager\Enemy\04%29Boss_Pattern</Filter>
    </ClInclude>
    <ClInclude Include="..\Include\Player_Evasion_Exit.h">
      <Filter>02.Component\00.Manager\Player\PlayerFSM\EvasionStageMove</Filter>
    </ClInclude>
    <ClInclude Include="..\Include\State_Evasion_Airfire.h">
      <Filter>__Phase2_Lab\phaseFSM\MainStream</Filter>
    </ClInclude>
    <ClInclude Include="..\Include\State_Evasion_Enter.h">
      <Filter>__Phase2_Lab\phaseFSM\MainStream</Filter>
    </ClInclude>
    <ClInclude Include="..\Include\State_Evasion_Midboss.h">
      <Filter>__Phase2_Lab\phaseFSM\MainStream</Filter>
    </ClInclude>
    <ClInclude Include="..\Include\State_Evasion_MidbossDead.h">
      <Filter>__Phase2_Lab\phaseFSM\MainStream</Filter>
    </ClInclude>
    <ClInclude Include="..\Include\MidBoss_Headers.h">
      <Filter>__Phase2_Lab\phaseFSM\Actor\Midboss</Filter>
    </ClInclude>
    <ClInclude Include="..\Include\MidBoss_Define.h">
      <Filter>__Phase2_Lab\phaseFSM\Actor\Midboss</Filter>
    </ClInclude>
    <ClInclude Include="..\Include\State_Camera_Evasion.h">
      <Filter>__Phase2_Lab\phaseFSM\Actor\Camera</Filter>
    </ClInclude>
    <ClInclude Include="..\Include\State_Camera_Wait.h">
      <Filter>__Phase2_Lab\phaseFSM\Actor\Camera</Filter>
    </ClInclude>
    <ClInclude Include="..\Include\State_Player_Wait.h">
      <Filter>__Phase2_Lab\phaseFSM\Actor\Player</Filter>
    </ClInclude>
    <ClInclude Include="..\Include\State_Player_Evasion.h">
      <Filter>__Phase2_Lab\phaseFSM\Actor\Player</Filter>
    </ClInclude>
    <ClInclude Include="..\Include\Stage2_Mainstream_Define.h">
      <Filter>__Phase2_Lab\phaseFSM\MainStream</Filter>
    </ClInclude>
    <ClInclude Include="..\Include\Stage2_Mainstream_Headers.h">
      <Filter>__Phase2_Lab\phaseFSM\MainStream</Filter>
    </ClInclude>
    <ClInclude Include="..\Include\MidBoss_Appear.h">
      <Filter>__Phase2_Lab\phaseFSM\Actor\Midboss\00. Static</Filter>
    </ClInclude>
    <ClInclude Include="..\Include\MidBoss_MoveLeft.h">
      <Filter>__Phase2_Lab\phaseFSM\Actor\Midboss\00. Static</Filter>
    </ClInclude>
    <ClInclude Include="..\Include\MidBoss_MoveRight.h">
      <Filter>__Phase2_Lab\phaseFSM\Actor\Midboss\00. Static</Filter>
    </ClInclude>
    <ClInclude Include="..\Include\Enemy_Evasion_Disappear.h">
      <Filter>__Phase2_Lab\phaseFSM\Actor\Enemy</Filter>
    </ClInclude>
    <ClInclude Include="..\Include\Enemy_Evasion_Appear.h">
      <Filter>__Phase2_Lab\phaseFSM\Actor\Enemy</Filter>
    </ClInclude>
  </ItemGroup>
  <ItemGroup>
    <ClCompile Include="Nalmak3D_SR.cpp">
      <Filter>99.Default</Filter>
    </ClCompile>
    <ClCompile Include="..\Source\MainGame.cpp">
      <Filter>00.Main</Filter>
    </ClCompile>
    <ClCompile Include="stdafx.cpp">
      <Filter>98.PreCompile</Filter>
    </ClCompile>
    <ClCompile Include="..\Source\HeeTestScene.cpp">
      <Filter>01.Scene\01.Test\99%29GeunHeeTestScene</Filter>
    </ClCompile>
    <ClCompile Include="..\Source\EnemyManager.cpp">
      <Filter>02.Component\00.Manager\Enemy\00%29EnemyManager</Filter>
    </ClCompile>
    <ClCompile Include="..\Source\PlayerInfoManager.cpp">
      <Filter>02.Component\00.Manager\Player</Filter>
    </ClCompile>
    <ClCompile Include="..\Source\PlayerMove.cpp">
      <Filter>02.Component\00.Manager\Player\PlayerFSM</Filter>
    </ClCompile>
    <ClCompile Include="..\Source\MouseOption.cpp">
      <Filter>02.Component\00.Manager\Mouse</Filter>
    </ClCompile>
    <ClCompile Include="..\Source\Enemy_Idle.cpp">
      <Filter>02.Component\00.Manager\Enemy\02%29Enemy_Patterns\Idle</Filter>
    </ClCompile>
    <ClCompile Include="..\Source\Enemy_Chase.cpp">
      <Filter>02.Component\00.Manager\Enemy\02%29Enemy_Patterns\att_Chase</Filter>
    </ClCompile>
    <ClCompile Include="..\Source\Enemy_Hold.cpp">
      <Filter>02.Component\00.Manager\Enemy\02%29Enemy_Patterns\att_Hold</Filter>
    </ClCompile>
    <ClCompile Include="..\Source\SceneChanger.cpp">
      <Filter>02.Component\01.Utility</Filter>
    </ClCompile>
    <ClCompile Include="..\Source\Rader.cpp">
      <Filter>02.Component\02.UI</Filter>
    </ClCompile>
    <ClCompile Include="..\Source\SingleLine.cpp">
      <Filter>02.Component\02.UI</Filter>
    </ClCompile>
    <ClCompile Include="..\Source\ClimbTerrain.cpp">
      <Filter>02.Component\01.Utility</Filter>
    </ClCompile>
    <ClCompile Include="..\Source\PrintInfo.cpp">
      <Filter>02.Component\01.Utility</Filter>
    </ClCompile>
    <ClCompile Include="..\Source\PhantomScene.cpp">
      <Filter>01.Scene\01.Test</Filter>
    </ClCompile>
    <ClCompile Include="..\Source\GarageScene.cpp">
      <Filter>01.Scene\00.Game</Filter>
    </ClCompile>
    <ClCompile Include="..\Source\Stage2Scene.cpp">
      <Filter>01.Scene\00.Game</Filter>
    </ClCompile>
    <ClCompile Include="..\Source\StageScene.cpp">
      <Filter>01.Scene\00.Game</Filter>
    </ClCompile>
    <ClCompile Include="..\Source\StageSelectScene.cpp">
      <Filter>01.Scene\00.Game</Filter>
    </ClCompile>
    <ClCompile Include="..\Source\TitleScene.cpp">
      <Filter>01.Scene\00.Game</Filter>
    </ClCompile>
    <ClCompile Include="..\Source\UILabScene.cpp">
      <Filter>01.Scene\01.Test</Filter>
    </ClCompile>
    <ClCompile Include="..\Source\NalmakScene.cpp">
      <Filter>01.Scene\01.Test</Filter>
    </ClCompile>
    <ClCompile Include="..\Source\MoveBySpline.cpp" />
    <ClCompile Include="..\Source\DogFightState.cpp">
      <Filter>04.Combat State\00%29DogFight</Filter>
    </ClCompile>
    <ClCompile Include="..\Source\BossState.cpp">
      <Filter>04.Combat State\02%29Boss</Filter>
    </ClCompile>
    <ClCompile Include="..\Source\StageManager.cpp">
      <Filter>02.Component\00.Manager\StageStateManager</Filter>
    </ClCompile>
    <ClCompile Include="..\Source\EvasionState.cpp">
      <Filter>04.Combat State\01%29Evasion</Filter>
    </ClCompile>
    <ClCompile Include="..\Source\PlayerIdle.cpp">
      <Filter>02.Component\00.Manager\Player\PlayerFSM</Filter>
    </ClCompile>
    <ClCompile Include="..\Source\Enemy_Drop.cpp">
      <Filter>02.Component\00.Manager\Enemy\02%29Enemy_Patterns\att_Drop</Filter>
    </ClCompile>
    <ClCompile Include="..\Source\Enemy_Death.cpp">
      <Filter>02.Component\00.Manager\Enemy\02%29Enemy_Patterns\Death</Filter>
    </ClCompile>
    <ClCompile Include="..\Source\Enemy_Explosion.cpp">
      <Filter>02.Component\00.Manager\Enemy\02%29Enemy_Patterns\Explosion</Filter>
    </ClCompile>
    <ClCompile Include="..\Source\Enemy_Falling.cpp">
      <Filter>02.Component\00.Manager\Enemy\02%29Enemy_Patterns\Falling</Filter>
    </ClCompile>
    <ClCompile Include="..\Source\ScriptEnd.cpp">
      <Filter>02.Component\03.Script\State</Filter>
    </ClCompile>
    <ClCompile Include="..\Source\ScriptPause.cpp">
      <Filter>02.Component\03.Script\State</Filter>
    </ClCompile>
    <ClCompile Include="..\Source\ScriptPlay.cpp">
      <Filter>02.Component\03.Script\State</Filter>
    </ClCompile>
    <ClCompile Include="..\Source\ScriptReady.cpp">
      <Filter>02.Component\03.Script\State</Filter>
    </ClCompile>
    <ClCompile Include="..\Source\ScriptWait.cpp">
      <Filter>02.Component\03.Script\State</Filter>
    </ClCompile>
    <ClCompile Include="..\Source\Enemy.cpp">
      <Filter>02.Component\00.Manager\Enemy\01%29Enemy\Normal</Filter>
    </ClCompile>
    <ClCompile Include="..\Source\ItemManager.cpp">
      <Filter>02.Component\00.Manager\ItemManger</Filter>
    </ClCompile>
    <ClCompile Include="..\Source\PlayerItem.cpp">
      <Filter>02.Component\00.Manager\ItemManger</Filter>
    </ClCompile>
    <ClCompile Include="..\Source\AimMissile.cpp">
      <Filter>02.Component\00.Manager\ItemManger</Filter>
    </ClCompile>
    <ClCompile Include="..\Source\Crosshair.cpp">
      <Filter>02.Component\02.UI</Filter>
    </ClCompile>
    <ClCompile Include="..\Source\Scripter.cpp">
      <Filter>02.Component\03.Script</Filter>
    </ClCompile>
    <ClCompile Include="..\Source\CustomDebuger.cpp">
      <Filter>96.Debuger</Filter>
    </ClCompile>
    <ClCompile Include="..\Source\EditController.cpp">
      <Filter>96.Debuger</Filter>
    </ClCompile>
    <ClCompile Include="..\Source\EnemyDetector.cpp">
      <Filter>02.Component\02.UI</Filter>
    </ClCompile>
    <ClCompile Include="..\Source\BossUIAnimator.cpp">
      <Filter>02.Component\05.Animator</Filter>
    </ClCompile>
    <ClCompile Include="..\Source\StageSelectCamera_Idle.cpp">
      <Filter>02.Component\04.StageSelectScene</Filter>
    </ClCompile>
    <ClCompile Include="..\Source\BulletDirMove.cpp">
      <Filter>02.Component\00.Manager\ItemManger</Filter>
    </ClCompile>
    <ClCompile Include="..\Source\EscapeSkill.cpp">
      <Filter>02.Component\00.Manager\ItemManger</Filter>
    </ClCompile>
    <ClCompile Include="..\Source\PlayerAttak.cpp">
      <Filter>02.Component\00.Manager\ItemManger</Filter>
    </ClCompile>
    <ClCompile Include="..\Source\SmallCannon.cpp">
      <Filter>02.Component\00.Manager\ItemManger</Filter>
    </ClCompile>
    <ClCompile Include="..\Source\PlayerShooter.cpp">
      <Filter>02.Component\00.Manager\Player</Filter>
    </ClCompile>
    <ClCompile Include="..\Source\PlayerSkillActor.cpp">
      <Filter>02.Component\00.Manager\Player</Filter>
    </ClCompile>
    <ClCompile Include="..\Source\ScaleDampingDeffender.cpp">
      <Filter>02.Component\00.Manager\Player</Filter>
    </ClCompile>
    <ClCompile Include="..\Source\PlayerEscapeState.cpp">
      <Filter>02.Component\00.Manager\Player\PlayerFSM</Filter>
    </ClCompile>
    <ClCompile Include="..\Source\ObjLoader.cpp" />
    <ClCompile Include="..\Source\PlayerShooter.cpp">
      <Filter>02.Component\01.Utility\00.Manager\Player</Filter>
    </ClCompile>
    <ClCompile Include="..\Source\BulletEffect_StretchBillboard.cpp" />
    <ClCompile Include="..\Source\GarageSceneCameraIntro.cpp">
      <Filter>02.Component\06.GarageScene</Filter>
    </ClCompile>
    <ClCompile Include="GarageSceneCameraAutoRotate.cpp">
      <Filter>02.Component\06.GarageScene</Filter>
    </ClCompile>
    <ClCompile Include="GarageSceneCameraZoomIn.cpp">
      <Filter>02.Component\06.GarageScene</Filter>
    </ClCompile>
    <ClCompile Include="..\Source\GarageSceneCameraInfo.cpp">
      <Filter>02.Component\06.GarageScene</Filter>
    </ClCompile>
    <ClCompile Include="..\Source\GarageSceneCameraMouseInput.cpp">
      <Filter>02.Component\06.GarageScene</Filter>
    </ClCompile>
    <ClCompile Include="..\Source\DeadTimer.cpp" />
    <ClCompile Include="..\Source\PlayerNone.cpp">
      <Filter>02.Component\00.Manager\Player\PlayerFSM</Filter>
    </ClCompile>
    <ClCompile Include="..\Source\Player_Weapon_Homing.cpp">
      <Filter>02.Component\00.Manager\ItemManger\Homing</Filter>
    </ClCompile>
    <ClCompile Include="..\Source\HomingBulletMove.cpp" />
    <ClCompile Include="..\Source\ClusterBulletMove.cpp">
      <Filter>02.Component\00.Manager\Player</Filter>
    </ClCompile>
    <ClCompile Include="..\Source\Player_ClusterMissile.cpp">
      <Filter>02.Component\00.Manager\ItemManger</Filter>
    </ClCompile>
    <ClCompile Include="..\Source\Player_EmpMissile.cpp">
      <Filter>02.Component\00.Manager\ItemManger\EmpMissile</Filter>
    </ClCompile>
    <ClCompile Include="..\Source\Player_EmpMove.cpp">
      <Filter>02.Component\00.Manager\ItemManger\EmpMissile\Component</Filter>
    </ClCompile>
    <ClCompile Include="..\Source\Player_EmpPulse.cpp">
      <Filter>02.Component\00.Manager\ItemManger\EmpMissile\Component</Filter>
    </ClCompile>
    <ClCompile Include="..\Source\MenuAnimator.cpp">
      <Filter>02.Component\05.Animator</Filter>
    </ClCompile>
    <ClCompile Include="..\Source\Player_NearGuideBullet.cpp" />
    <ClCompile Include="..\Source\FieldCameraInfo.cpp">
      <Filter>05. FieldCameraState</Filter>
    </ClCompile>
    <ClCompile Include="..\Source\FieldCameraSmoothFollowState.cpp">
      <Filter>05. FieldCameraState</Filter>
    </ClCompile>
    <ClCompile Include="..\Source\FieldCameraStartState.cpp">
      <Filter>05. FieldCameraState</Filter>
    </ClCompile>
    <ClCompile Include="..\Source\FieldCameraNearEnemyState.cpp">
      <Filter>05. FieldCameraState</Filter>
    </ClCompile>
    <ClCompile Include="..\Source\StageSelectCamera.cpp">
      <Filter>02.Component\04.StageSelectScene</Filter>
    </ClCompile>
    <ClCompile Include="..\Source\StageSelectCamera_Intro.cpp">
      <Filter>02.Component\04.StageSelectScene</Filter>
    </ClCompile>
    <ClCompile Include="..\Source\StageSelectCamera_Stage1.cpp">
      <Filter>02.Component\04.StageSelectScene</Filter>
    </ClCompile>
    <ClCompile Include="..\Source\StageSelectCamera_Stage2.cpp">
      <Filter>02.Component\04.StageSelectScene</Filter>
    </ClCompile>
    <ClCompile Include="..\Source\StageSelectSceneManager.cpp">
      <Filter>02.Component\04.StageSelectScene</Filter>
    </ClCompile>
    <ClCompile Include="..\Source\verticalBillboard.cpp">
      <Filter>02.Component\04.StageSelectScene</Filter>
    </ClCompile>
    <ClCompile Include="..\Source\MoveStageByMeshPicking.cpp">
      <Filter>02.Component\04.StageSelectScene</Filter>
    </ClCompile>
    <ClCompile Include="..\Source\ExplosionButton.cpp">
      <Filter>02.Component\04.StageSelectScene</Filter>
    </ClCompile>
    <ClCompile Include="..\Source\Ground.cpp">
      <Filter>02.Component\07.StageScene</Filter>
    </ClCompile>
    <ClCompile Include="..\Source\Player_Missile.cpp" />
    <ClCompile Include="..\Source\Player_AimMissile.cpp" />
    <ClCompile Include="..\Source\Enemy_Bullet_Manager.cpp">
      <Filter>02.Component\00.Manager\Enemy_BulletManager\Manager</Filter>
    </ClCompile>
    <ClCompile Include="..\Source\Enemy_Homing.cpp">
      <Filter>02.Component\00.Manager\Enemy_BulletManager\Homing</Filter>
    </ClCompile>
    <ClCompile Include="..\Source\Enemy_MachineGun.cpp">
      <Filter>02.Component\00.Manager\Enemy_BulletManager\MachineGun</Filter>
    </ClCompile>
    <ClCompile Include="..\Source\Enemy_Missile.cpp">
      <Filter>02.Component\00.Manager\Enemy_BulletManager\Missile</Filter>
    </ClCompile>
    <ClCompile Include="..\Source\Enemy_Boss.cpp">
      <Filter>02.Component\00.Manager\Enemy\01%29Enemy\Boss</Filter>
    </ClCompile>
    <ClCompile Include="..\Source\Enemy_AirFire_Evasion.cpp">
      <Filter>02.Component\00.Manager\Enemy\03%29Enemy_Evasion\AirFire</Filter>
    </ClCompile>
    <ClCompile Include="..\Source\Enemy_Circle_Evasion.cpp">
      <Filter>02.Component\00.Manager\Enemy\03%29Enemy_Evasion\Circle</Filter>
    </ClCompile>
    <ClCompile Include="..\Source\Enemy_CrossFire_Evasion.cpp">
      <Filter>02.Component\00.Manager\Enemy\03%29Enemy_Evasion\CrossFire</Filter>
    </ClCompile>
    <ClCompile Include="..\Source\Enemy_Diagonal_Evasion.cpp">
      <Filter>02.Component\00.Manager\Enemy\03%29Enemy_Evasion\Diagonal</Filter>
    </ClCompile>
    <ClCompile Include="..\Source\Enemy_Look_Evasion.cpp">
      <Filter>02.Component\00.Manager\Enemy\03%29Enemy_Evasion\Look</Filter>
    </ClCompile>
    <ClCompile Include="..\Source\Enemy_Prymide_Evasion.cpp">
      <Filter>02.Component\00.Manager\Enemy\03%29Enemy_Evasion\Prymide</Filter>
    </ClCompile>
    <ClCompile Include="..\Source\Enemy_Slide_Evasion.cpp">
      <Filter>02.Component\00.Manager\Enemy\03%29Enemy_Evasion\Slide</Filter>
    </ClCompile>
    <ClCompile Include="..\Source\Enemy_AirFire_TargetPlane.cpp">
      <Filter>02.Component\00.Manager\Enemy\03%29Enemy_Evasion\AirFire</Filter>
    </ClCompile>
    <ClCompile Include="..\Source\Enemy_Exit_Evasion.cpp">
      <Filter>02.Component\00.Manager\Enemy\03%29Enemy_Evasion\Exit</Filter>
    </ClCompile>
    <ClCompile Include="..\Source\Enemy_Evasion.cpp">
      <Filter>02.Component\00.Manager\Enemy\03%29Enemy_Evasion</Filter>
    </ClCompile>
    <ClCompile Include="..\Source\ParticleDead_IfCount0.cpp" />
    <ClCompile Include="..\Source\GeunHee_Fps_Shoot.cpp" />
    <ClCompile Include="..\Source\Player_WindEffect.cpp" />
    <ClCompile Include="..\Source\DogFight_Stage1.cpp">
      <Filter>04.Combat State\00%29DogFight</Filter>
    </ClCompile>
    <ClCompile Include="..\Source\ResultScene.cpp">
      <Filter>01.Scene\00.Game</Filter>
    </ClCompile>
    <ClCompile Include="..\Source\GameManager.cpp">
      <Filter>02.Component\00.Manager\GameManager</Filter>
    </ClCompile>
    <ClCompile Include="..\Source\EndingScene.cpp">
      <Filter>01.Scene\00.Game</Filter>
    </ClCompile>
    <ClCompile Include="..\Source\UI_Alarm.cpp">
      <Filter>02.Component\02.UI</Filter>
    </ClCompile>
    <ClCompile Include="..\Source\UIManager.cpp">
      <Filter>02.Component\00.Manager\UIManager</Filter>
    </ClCompile>
    <ClCompile Include="..\Source\ItemButton.cpp">
      <Filter>02.Component\02.UI</Filter>
    </ClCompile>
    <ClCompile Include="..\Source\UI_ShopItemModel.cpp">
      <Filter>02.Component\02.UI</Filter>
    </ClCompile>
    <ClCompile Include="..\Source\UI_ShopMenu_Animator.cpp">
      <Filter>02.Component\05.Animator\Shop</Filter>
    </ClCompile>
    <ClCompile Include="..\Source\UI_ShopWnd_Animator.cpp">
      <Filter>02.Component\05.Animator\Shop</Filter>
    </ClCompile>
    <ClCompile Include="..\Source\FieldCameraEvationState.cpp">
      <Filter>__Phase2_Lab</Filter>
    </ClCompile>
    <ClCompile Include="..\Source\Enemy_MidBoss.cpp">
      <Filter>__Phase2_Lab</Filter>
    </ClCompile>
    <ClCompile Include="..\Source\MidBoss_Defense_Start.cpp">
      <Filter>__Phase2_Lab\phaseFSM\Actor\Midboss\4. Defense</Filter>
    </ClCompile>
    <ClCompile Include="..\Source\MidBoss_Sweep_Start.cpp">
      <Filter>__Phase2_Lab\phaseFSM\Actor\Midboss\2. Sweep</Filter>
    </ClCompile>
    <ClCompile Include="..\Source\MidBoss_Wave_Start.cpp">
      <Filter>__Phase2_Lab\phaseFSM\Actor\Midboss\1. Wave</Filter>
    </ClCompile>
    <ClCompile Include="..\Source\MidBoss_Idle.cpp">
      <Filter>__Phase2_Lab\phaseFSM\Actor\Midboss\00. Static</Filter>
    </ClCompile>
    <ClCompile Include="..\Source\MidBoss_MoveToCenter.cpp">
      <Filter>__Phase2_Lab\phaseFSM\Actor\Midboss\00. Static</Filter>
    </ClCompile>
    <ClCompile Include="..\Source\MidBoss_Rotate180.cpp">
      <Filter>__Phase2_Lab\phaseFSM\Actor\Midboss\00. Static</Filter>
    </ClCompile>
    <ClCompile Include="..\Source\MidBoss_Sweep_Right.cpp">
      <Filter>__Phase2_Lab\phaseFSM\Actor\Midboss\2. Sweep</Filter>
    </ClCompile>
    <ClCompile Include="..\Source\MidBoss_Sweep_Left.cpp">
      <Filter>__Phase2_Lab\phaseFSM\Actor\Midboss\2. Sweep</Filter>
    </ClCompile>
    <ClCompile Include="..\Source\MidBoss_Wave_Idle.cpp">
      <Filter>__Phase2_Lab\phaseFSM\Actor\Midboss\1. Wave</Filter>
    </ClCompile>
    <ClCompile Include="..\Source\MidBoss_Defense_Move.cpp">
      <Filter>__Phase2_Lab\phaseFSM\Actor\Midboss\4. Defense</Filter>
    </ClCompile>
    <ClCompile Include="..\Source\MidBoss_Wave_Attack.cpp">
      <Filter>__Phase2_Lab\phaseFSM\Actor\Midboss\1. Wave</Filter>
    </ClCompile>
    <ClCompile Include="..\Source\MidBoss_SingleBullet.cpp">
      <Filter>__Phase2_Lab</Filter>
    </ClCompile>
    <ClCompile Include="..\Source\MidBoss_Sweep_MoveToForward.cpp">
      <Filter>__Phase2_Lab\phaseFSM\Actor\Midboss\2. Sweep</Filter>
    </ClCompile>
    <ClCompile Include="..\Source\MidBoss_Laser_Fire.cpp">
      <Filter>__Phase2_Lab\phaseFSM\Actor\Midboss\3. Laser</Filter>
    </ClCompile>
    <ClCompile Include="..\Source\MidBoss_Laser_Start.cpp">
      <Filter>__Phase2_Lab\phaseFSM\Actor\Midboss\3. Laser</Filter>
    </ClCompile>
    <ClCompile Include="..\Source\MidBoss_Laser_Charge.cpp">
      <Filter>__Phase2_Lab\phaseFSM\Actor\Midboss\3. Laser</Filter>
    </ClCompile>
    <ClCompile Include="..\Source\MidBoss_Laser_Discharge.cpp">
      <Filter>__Phase2_Lab\phaseFSM\Actor\Midboss\3. Laser</Filter>
    </ClCompile>
    <ClCompile Include="..\Source\MidBoss_Laser_Detach.cpp">
      <Filter>__Phase2_Lab\phaseFSM\Actor\Midboss\3. Laser</Filter>
    </ClCompile>
    <ClCompile Include="..\Source\MidBoss_Laser_Attach.cpp">
      <Filter>__Phase2_Lab\phaseFSM\Actor\Midboss\3. Laser</Filter>
    </ClCompile>
    <ClCompile Include="..\Source\Enemy_BulletProof.cpp">
      <Filter>__Phase2_Lab</Filter>
    </ClCompile>
    <ClCompile Include="..\Source\MidBoss_Laser_Siege.cpp">
      <Filter>__Phase2_Lab\phaseFSM\Actor\Midboss\3. Laser</Filter>
    </ClCompile>
    <ClCompile Include="..\Source\Player.cpp">
      <Filter>02.Component\00.Manager\Player</Filter>
    </ClCompile>
    <ClCompile Include="..\Source\Player_FarAway.cpp">
      <Filter>02.Component\00.Manager\Player\PlayerFSM</Filter>
    </ClCompile>
    <ClCompile Include="..\Source\SmoothFollow.cpp">
      <Filter>02.Component\00.Manager\Camera\Component\SmoothFollow</Filter>
    </ClCompile>
    <ClCompile Include="..\Source\Camera_Evasion.cpp">
      <Filter>02.Component\00.Manager\Camera\State\2Phase_EvasionCamera</Filter>
    </ClCompile>
    <ClCompile Include="..\Source\Camera_Boss.cpp">
      <Filter>02.Component\00.Manager\Camera\State\3Phase_BossCamera</Filter>
    </ClCompile>
    <ClCompile Include="..\Source\Camera_Boss_Appear.cpp">
      <Filter>02.Component\00.Manager\Camera\State\3Phase_BossCamera</Filter>
    </ClCompile>
    <ClCompile Include="..\Source\Player_Boss_Move.cpp">
      <Filter>02.Component\00.Manager\Player\PlayerFSM\BossStageMove</Filter>
    </ClCompile>
    <ClCompile Include="..\Source\Player_Evasion_Enter.cpp">
      <Filter>02.Component\00.Manager\Player\PlayerFSM\EvasionStageMove</Filter>
    </ClCompile>
    <ClCompile Include="..\Source\Player_Evasion_Move.cpp">
      <Filter>02.Component\00.Manager\Player\PlayerFSM\EvasionStageMove</Filter>
    </ClCompile>
    <ClCompile Include="..\Source\Player_Boss_Enter.cpp">
      <Filter>02.Component\00.Manager\Player\PlayerFSM\BossStageMove</Filter>
    </ClCompile>
    <ClCompile Include="..\Source\Boss_Enter.cpp">
      <Filter>02.Component\00.Manager\Enemy\04%29Boss_Pattern</Filter>
    </ClCompile>
    <ClCompile Include="..\Source\Boss_Interrupt.cpp">
      <Filter>02.Component\00.Manager\Enemy\04%29Boss_Pattern</Filter>
    </ClCompile>
    <ClCompile Include="..\Source\Player_Evasion_Exit.cpp">
      <Filter>02.Component\00.Manager\Player\PlayerFSM\EvasionStageMove</Filter>
    </ClCompile>
    <ClCompile Include="..\Source\State_Evasion_Airfire.cpp">
      <Filter>__Phase2_Lab\phaseFSM\MainStream</Filter>
    </ClCompile>
    <ClCompile Include="..\Source\State_Evasion_Enter.cpp">
      <Filter>__Phase2_Lab\phaseFSM\MainStream</Filter>
    </ClCompile>
    <ClCompile Include="..\Source\State_Evasion_Midboss.cpp">
      <Filter>__Phase2_Lab\phaseFSM\MainStream</Filter>
    </ClCompile>
    <ClCompile Include="..\Source\State_Evasion_MidbossDead.cpp">
      <Filter>__Phase2_Lab\phaseFSM\MainStream</Filter>
    </ClCompile>
    <ClCompile Include="..\Source\State_Camera_Evasion.cpp">
      <Filter>__Phase2_Lab\phaseFSM\Actor\Camera</Filter>
    </ClCompile>
    <ClCompile Include="..\Source\State_Camera_Wait.cpp">
      <Filter>__Phase2_Lab\phaseFSM\Actor\Camera</Filter>
    </ClCompile>
    <ClCompile Include="..\Source\State_Player_Wait.cpp">
      <Filter>__Phase2_Lab\phaseFSM\Actor\Player</Filter>
    </ClCompile>
    <ClCompile Include="..\Source\State_Player_Evasion.cpp">
      <Filter>__Phase2_Lab\phaseFSM\Actor\Player</Filter>
    </ClCompile>
    <ClCompile Include="..\Source\MidBoss_Appear.cpp">
      <Filter>__Phase2_Lab\phaseFSM\Actor\Midboss\00. Static</Filter>
    </ClCompile>
    <ClCompile Include="..\Source\MidBoss_MoveLeft.cpp">
      <Filter>__Phase2_Lab\phaseFSM\Actor\Midboss\00. Static</Filter>
    </ClCompile>
    <ClCompile Include="..\Source\MidBoss_MoveRight.cpp">
      <Filter>__Phase2_Lab\phaseFSM\Actor\Midboss\00. Static</Filter>
    </ClCompile>
    <ClCompile Include="..\Source\Enemy_Evasion_Disappear.cpp">
      <Filter>__Phase2_Lab\phaseFSM\Actor\Enemy</Filter>
    </ClCompile>
    <ClCompile Include="..\Source\Enemy_Evasion_Appear.cpp">
      <Filter>__Phase2_Lab\phaseFSM\Actor\Enemy</Filter>
    </ClCompile>
  </ItemGroup>
  <ItemGroup>
    <Image Include="Nalmak3D_SR.ico">
      <Filter>99.Default</Filter>
    </Image>
    <Image Include="small.ico">
      <Filter>99.Default</Filter>
    </Image>
  </ItemGroup>
  <ItemGroup>
    <Filter Include="98.PreCompile">
      <UniqueIdentifier>{2e85a4a7-f68d-4f19-a778-f1c020085930}</UniqueIdentifier>
    </Filter>
    <Filter Include="98.PreCompile\00.Define">
      <UniqueIdentifier>{42d2d585-dfda-4910-b06a-daff2a90e92e}</UniqueIdentifier>
    </Filter>
    <Filter Include="98.PreCompile\02.Extern">
      <UniqueIdentifier>{20451b42-8431-478b-8dc4-8480da0b2211}</UniqueIdentifier>
    </Filter>
    <Filter Include="98.PreCompile\01.Enum">
      <UniqueIdentifier>{44b7a078-bf7a-4213-bfbb-0862d945be3f}</UniqueIdentifier>
    </Filter>
    <Filter Include="00.Main">
      <UniqueIdentifier>{f4cde318-699b-4101-ac58-d494b896f71c}</UniqueIdentifier>
    </Filter>
    <Filter Include="01.Scene">
      <UniqueIdentifier>{5f9dbd21-330f-48aa-aad2-4fd421d5366d}</UniqueIdentifier>
    </Filter>
    <Filter Include="02.Component">
      <UniqueIdentifier>{efc1141f-5a17-40b6-9f6a-58a40e956726}</UniqueIdentifier>
    </Filter>
    <Filter Include="03.Resource">
      <UniqueIdentifier>{1ecd7c50-cb74-443e-9a5e-81a35dbd9469}</UniqueIdentifier>
    </Filter>
    <Filter Include="03.Resource\02.Shader">
      <UniqueIdentifier>{7ae42d59-6412-4a79-acc3-19e26215e710}</UniqueIdentifier>
    </Filter>
    <Filter Include="02.Component\01.Utility">
      <UniqueIdentifier>{e9b71a8c-da3c-4ad5-8464-e03f0375b2ec}</UniqueIdentifier>
    </Filter>
    <Filter Include="02.Component\02.UI">
      <UniqueIdentifier>{8b11302c-0946-4b14-8367-831fe8789a40}</UniqueIdentifier>
    </Filter>
    <Filter Include="01.Scene\00.Game">
      <UniqueIdentifier>{c57d9dbe-ffea-4ee8-9e1a-f7a67bf80a18}</UniqueIdentifier>
    </Filter>
    <Filter Include="01.Scene\01.Test">
      <UniqueIdentifier>{a1dffe79-acc0-4701-bbb6-7528c79728e4}</UniqueIdentifier>
    </Filter>
    <Filter Include="01.Scene\01.Test\99%29GeunHeeTestScene">
      <UniqueIdentifier>{f9b0f39f-1586-41e3-92e5-c0cce9aaad1b}</UniqueIdentifier>
    </Filter>
    <Filter Include="03.Resource\02.Shader\Common">
      <UniqueIdentifier>{6b5467bb-1bd2-4774-8798-9a69fc77288c}</UniqueIdentifier>
    </Filter>
    <Filter Include="03.Resource\02.Shader\StageSelect">
      <UniqueIdentifier>{ce9bbe7f-34cd-45c4-bd6a-0f2b24e847ea}</UniqueIdentifier>
    </Filter>
    <Filter Include="03.Resource\02.Shader\Stage">
      <UniqueIdentifier>{ec31fd85-1ec0-411c-8968-4cd2f96268f3}</UniqueIdentifier>
    </Filter>
    <Filter Include="03.Resource\02.Shader\Light">
      <UniqueIdentifier>{01dff7d1-3dfb-437e-aae6-cc2f3e262f86}</UniqueIdentifier>
    </Filter>
    <Filter Include="02.Component\04.StageSelectScene">
      <UniqueIdentifier>{1ea3685e-e51f-4601-b41b-86822fef3d55}</UniqueIdentifier>
    </Filter>
    <Filter Include="04.Combat State">
      <UniqueIdentifier>{dea952e2-3812-4031-99e4-5366973e199d}</UniqueIdentifier>
    </Filter>
    <Filter Include="04.Combat State\00%29DogFight">
      <UniqueIdentifier>{4aa02e57-21f5-4eb5-80f6-83bb52a1c427}</UniqueIdentifier>
    </Filter>
    <Filter Include="04.Combat State\01%29Evasion">
      <UniqueIdentifier>{1a189a41-bbb6-4ae4-a62b-63c2d3be9e7d}</UniqueIdentifier>
    </Filter>
    <Filter Include="04.Combat State\02%29Boss">
      <UniqueIdentifier>{583558e6-abcc-426b-88ad-24cacee3edcb}</UniqueIdentifier>
    </Filter>
    <Filter Include="98.PreCompile\03.Struct">
      <UniqueIdentifier>{c24f9b1b-464a-4c16-ae34-cb42bf5c172e}</UniqueIdentifier>
    </Filter>
    <Filter Include="98.PreCompile\03.Struct">
      <UniqueIdentifier>{40096f35-81ec-4923-bda7-8bb44ae8d51d}</UniqueIdentifier>
    </Filter>
    <Filter Include="97.Factory">
      <UniqueIdentifier>{be2dea7a-aa32-49b7-bc71-46f57bd4b57f}</UniqueIdentifier>
    </Filter>
    <Filter Include="02.Component\03.Script">
      <UniqueIdentifier>{09811998-c3f5-48ce-9d6a-1d5d36ab622e}</UniqueIdentifier>
    </Filter>
    <Filter Include="02.Component\03.Script\State">
      <UniqueIdentifier>{0ab8d627-438f-44e8-926f-75128c57cd86}</UniqueIdentifier>
    </Filter>
    <Filter Include="96.Debuger">
      <UniqueIdentifier>{e5d73c33-bd55-4534-8849-38459f478dd4}</UniqueIdentifier>
    </Filter>
    <Filter Include="02.Component\05.Animator">
      <UniqueIdentifier>{ef1fce22-5667-4862-b153-c0b81e108948}</UniqueIdentifier>
    </Filter>
    <Filter Include="02.Component\00.Manager">
      <UniqueIdentifier>{620004b3-601d-458e-9e74-70f98e3743b1}</UniqueIdentifier>
    </Filter>
    <Filter Include="02.Component\00.Manager\Enemy">
      <UniqueIdentifier>{88c15850-b344-4d77-b46d-6ed376456930}</UniqueIdentifier>
    </Filter>
    <Filter Include="02.Component\00.Manager\Enemy\00%29EnemyManager">
      <UniqueIdentifier>{74a4154a-e67a-4131-afa2-e0fd522637e7}</UniqueIdentifier>
    </Filter>
    <Filter Include="02.Component\00.Manager\Enemy\01%29Enemy">
      <UniqueIdentifier>{471371f4-d5fc-408a-9393-b9a42789b616}</UniqueIdentifier>
    </Filter>
    <Filter Include="02.Component\00.Manager\Enemy\01%29Enemy\Normal">
      <UniqueIdentifier>{1c9eeaa3-a37d-4e0c-8363-64310e6861d4}</UniqueIdentifier>
    </Filter>
    <Filter Include="02.Component\00.Manager\Enemy\01%29Enemy\Boss">
      <UniqueIdentifier>{25e8a919-3650-4188-b4bf-32b4a974466e}</UniqueIdentifier>
    </Filter>
    <Filter Include="02.Component\00.Manager\Enemy\02%29Enemy_Patterns">
      <UniqueIdentifier>{68e9b2a4-58d6-4e4c-a3a1-54069dc961b9}</UniqueIdentifier>
    </Filter>
    <Filter Include="02.Component\00.Manager\Enemy\02%29Enemy_Patterns\Idle">
      <UniqueIdentifier>{057f3a40-069b-41bf-83d1-769f80e85d03}</UniqueIdentifier>
    </Filter>
    <Filter Include="02.Component\00.Manager\Enemy\02%29Enemy_Patterns\Death">
      <UniqueIdentifier>{d5f13b66-30ff-4c40-ba3c-319d661789ec}</UniqueIdentifier>
    </Filter>
    <Filter Include="02.Component\00.Manager\Enemy\02%29Enemy_Patterns\att_Chase">
      <UniqueIdentifier>{2ff71113-836e-4780-bc55-a381acfc1710}</UniqueIdentifier>
    </Filter>
    <Filter Include="02.Component\00.Manager\Enemy\02%29Enemy_Patterns\att_Hold">
      <UniqueIdentifier>{d0f1736a-3073-4268-b99a-eb82fb56c575}</UniqueIdentifier>
    </Filter>
    <Filter Include="02.Component\00.Manager\Enemy\02%29Enemy_Patterns\att_Drop">
      <UniqueIdentifier>{08bc2334-fb03-47f3-8c43-d8b8e74f8631}</UniqueIdentifier>
    </Filter>
    <Filter Include="02.Component\00.Manager\Enemy\02%29Enemy_Patterns\Falling">
      <UniqueIdentifier>{841dcd20-f92c-4b7d-9282-6c7b09c0a791}</UniqueIdentifier>
    </Filter>
    <Filter Include="02.Component\00.Manager\Enemy\02%29Enemy_Patterns\Explosion">
      <UniqueIdentifier>{33e26b4f-4494-4a5e-9415-a8bbf100a730}</UniqueIdentifier>
    </Filter>
    <Filter Include="02.Component\00.Manager\Enemy\03%29Enemy_Evasion">
      <UniqueIdentifier>{a62a8d0f-f021-4dc7-a7b5-cee1959531c5}</UniqueIdentifier>
    </Filter>
    <Filter Include="02.Component\00.Manager\Enemy\04%29Boss_Pattern">
      <UniqueIdentifier>{f839a401-4a80-421c-aa04-ee526e7ee845}</UniqueIdentifier>
    </Filter>
    <Filter Include="02.Component\00.Manager\Mouse">
      <UniqueIdentifier>{ff632f15-61fa-4d29-95de-f7e2b4aac73b}</UniqueIdentifier>
    </Filter>
    <Filter Include="02.Component\00.Manager\StageStateManager">
      <UniqueIdentifier>{493b7d00-e614-4513-b431-d1c40cd424a7}</UniqueIdentifier>
    </Filter>
    <Filter Include="02.Component\00.Manager\ItemManger">
      <UniqueIdentifier>{497b0547-52eb-4157-8921-2f9456aab45d}</UniqueIdentifier>
    </Filter>
    <Filter Include="99.Default">
      <UniqueIdentifier>{a6660160-cd4a-4c06-a1c6-60284f34124d}</UniqueIdentifier>
    </Filter>
    <Filter Include="02.Component\00.Manager\ItemManger\EmpMissile">
      <UniqueIdentifier>{ed7d2cbd-7951-443b-9a6e-4017dcb04e63}</UniqueIdentifier>
    </Filter>
    <Filter Include="02.Component\00.Manager\ItemManger\EmpMissile\Component">
      <UniqueIdentifier>{2abd139f-76d0-4223-b04b-6c9dcc1b532b}</UniqueIdentifier>
    </Filter>
    <Filter Include="02.Component\00.Manager\ItemManger\Homing">
      <UniqueIdentifier>{f7a4c7d9-06d8-469a-b2d0-feec97d62537}</UniqueIdentifier>
    </Filter>
    <Filter Include="02.Component\06.GarageScene">
      <UniqueIdentifier>{92693aba-9f7a-4342-ad51-d5a5bdfa1b27}</UniqueIdentifier>
    </Filter>
    <Filter Include="02.Component\07.StageScene">
      <UniqueIdentifier>{7bf2b31f-80f5-4054-b8ce-d2c5c9ad31db}</UniqueIdentifier>
    </Filter>
    <Filter Include="02.Component\00.Manager\Player">
      <UniqueIdentifier>{5098e947-8ec3-495e-8bb1-bb2273f1e12f}</UniqueIdentifier>
    </Filter>
    <Filter Include="02.Component\00.Manager\Player\PlayerFSM">
      <UniqueIdentifier>{a323ffc7-d61c-4058-b946-29056b0ca33e}</UniqueIdentifier>
    </Filter>
    <Filter Include="02.Component\00.Manager\Enemy_BulletManager">
      <UniqueIdentifier>{a6b1d829-360d-4132-b12c-68c488218c23}</UniqueIdentifier>
    </Filter>
    <Filter Include="02.Component\00.Manager\Enemy_BulletManager\Missile">
      <UniqueIdentifier>{273aaf80-a566-43b8-bf1d-81139c9ecb8b}</UniqueIdentifier>
    </Filter>
    <Filter Include="02.Component\00.Manager\Enemy_BulletManager\Homing">
      <UniqueIdentifier>{1f100bc1-d700-466c-a558-7862f16e388b}</UniqueIdentifier>
    </Filter>
    <Filter Include="02.Component\00.Manager\Enemy_BulletManager\MachineGun">
      <UniqueIdentifier>{23765436-d43d-4b2e-aa6d-67b00e77d76c}</UniqueIdentifier>
    </Filter>
    <Filter Include="02.Component\00.Manager\Enemy_BulletManager\Manager">
      <UniqueIdentifier>{a62225df-353e-428f-82dd-4d2fca9da824}</UniqueIdentifier>
    </Filter>
    <Filter Include="02.Component\00.Manager\Enemy\03%29Enemy_Evasion\AirFire">
      <UniqueIdentifier>{f15aea69-33d0-416d-bf21-399652f47e4c}</UniqueIdentifier>
    </Filter>
    <Filter Include="02.Component\00.Manager\Enemy\03%29Enemy_Evasion\Circle">
      <UniqueIdentifier>{5084e5d0-9eac-4b2f-b6cb-90f7ac912181}</UniqueIdentifier>
    </Filter>
    <Filter Include="02.Component\00.Manager\Enemy\03%29Enemy_Evasion\CrossFire">
      <UniqueIdentifier>{a09c9b44-e2b6-44a6-ba47-fd4cc9a165f8}</UniqueIdentifier>
    </Filter>
    <Filter Include="02.Component\00.Manager\Enemy\03%29Enemy_Evasion\Diagonal">
      <UniqueIdentifier>{c4242036-bdfe-401d-b937-ca12b2c1b6d8}</UniqueIdentifier>
    </Filter>
    <Filter Include="02.Component\00.Manager\Enemy\03%29Enemy_Evasion\Look">
      <UniqueIdentifier>{26a71353-f14b-40d6-87a9-0acd32d94a58}</UniqueIdentifier>
    </Filter>
    <Filter Include="02.Component\00.Manager\Enemy\03%29Enemy_Evasion\Prymide">
      <UniqueIdentifier>{6c54009c-04ed-459f-9afe-cef09177af93}</UniqueIdentifier>
    </Filter>
    <Filter Include="02.Component\00.Manager\Enemy\03%29Enemy_Evasion\Slide">
      <UniqueIdentifier>{0cd93de4-fbe7-4ae8-b31d-cab828d952a1}</UniqueIdentifier>
    </Filter>
    <Filter Include="02.Component\00.Manager\Enemy\03%29Enemy_Evasion\Exit">
      <UniqueIdentifier>{49878f57-b735-4e94-b68d-7fa050af020b}</UniqueIdentifier>
    </Filter>
    <Filter Include="02.Component\00.Manager\GameManager">
      <UniqueIdentifier>{d705ca4a-5970-4b94-9130-5629546d893c}</UniqueIdentifier>
    </Filter>
    <Filter Include="02.Component\00.Manager\UIManager">
      <UniqueIdentifier>{572f57df-b7cb-417c-bb88-babf45c0b953}</UniqueIdentifier>
    </Filter>
    <Filter Include="02.Component\05.Animator\Shop">
      <UniqueIdentifier>{4246a242-eb69-4df9-8974-014e1fe84bfd}</UniqueIdentifier>
    </Filter>
    <Filter Include="05. FieldCameraState">
      <UniqueIdentifier>{d0964a25-57af-4678-a4d2-066998ab8f19}</UniqueIdentifier>
    </Filter>
    <Filter Include="02.Component\00.Manager\Camera">
      <UniqueIdentifier>{55e4567d-ddb8-4fa2-b78d-65321c051a15}</UniqueIdentifier>
    </Filter>
    <Filter Include="02.Component\00.Manager\Camera\Component">
      <UniqueIdentifier>{852880e2-f7fc-4bdf-9a49-667634aff550}</UniqueIdentifier>
    </Filter>
    <Filter Include="02.Component\00.Manager\Camera\State">
      <UniqueIdentifier>{47697dd9-444b-4264-9997-65cc795b9749}</UniqueIdentifier>
    </Filter>
    <Filter Include="02.Component\00.Manager\Camera\Component\SmoothFollow">
      <UniqueIdentifier>{7359f7de-aa27-4d45-8dd8-9ff0a203787c}</UniqueIdentifier>
    </Filter>
    <Filter Include="02.Component\00.Manager\Camera\State\2Phase_EvasionCamera">
      <UniqueIdentifier>{a72f487d-d927-47dd-842a-cbe761320505}</UniqueIdentifier>
    </Filter>
    <Filter Include="02.Component\00.Manager\Camera\State\3Phase_BossCamera">
      <UniqueIdentifier>{80bf70f9-492b-41d5-9ff8-eb38719eb005}</UniqueIdentifier>
    </Filter>
    <Filter Include="02.Component\00.Manager\Player\PlayerFSM\BossStageMove">
      <UniqueIdentifier>{579c4214-40c5-4439-ad3d-35a3f2a7c402}</UniqueIdentifier>
    </Filter>
    <Filter Include="02.Component\00.Manager\Player\PlayerFSM\EvasionStageMove">
      <UniqueIdentifier>{ba1dbbf5-d567-4401-aa78-139f6cf1b08f}</UniqueIdentifier>
    </Filter>
    <Filter Include="__Phase2_Lab">
      <UniqueIdentifier>{b345c6f1-1a73-4d4c-9952-e8adc9fe635d}</UniqueIdentifier>
    </Filter>
    <Filter Include="__Phase2_Lab\phaseFSM">
      <UniqueIdentifier>{03bc531f-3754-4602-8d1c-437081c0e2f5}</UniqueIdentifier>
    </Filter>
    <Filter Include="__Phase2_Lab\phaseFSM\MainStream">
      <UniqueIdentifier>{30e2b7fd-4fe7-4c5b-94d2-ec4f599c48ec}</UniqueIdentifier>
    </Filter>
    <Filter Include="__Phase2_Lab\phaseFSM\Actor">
      <UniqueIdentifier>{e8599a70-13fe-48c4-bc57-eb2a6b301557}</UniqueIdentifier>
    </Filter>
    <Filter Include="__Phase2_Lab\phaseFSM\Actor\Midboss">
      <UniqueIdentifier>{2cde3728-ae8d-4e12-9aea-018576de44dd}</UniqueIdentifier>
    </Filter>
    <Filter Include="__Phase2_Lab\phaseFSM\Actor\Midboss\1. Wave">
      <UniqueIdentifier>{cb08b216-592a-4e7d-98ee-34f2625cb52c}</UniqueIdentifier>
    </Filter>
    <Filter Include="__Phase2_Lab\phaseFSM\Actor\Midboss\2. Sweep">
      <UniqueIdentifier>{4c460477-33a8-48f1-b812-07b27ace54b0}</UniqueIdentifier>
    </Filter>
    <Filter Include="__Phase2_Lab\phaseFSM\Actor\Midboss\4. Defense">
      <UniqueIdentifier>{160f1f0d-1bf3-41e0-9fd4-069e7e2b5084}</UniqueIdentifier>
    </Filter>
    <Filter Include="__Phase2_Lab\phaseFSM\Actor\Midboss\00. Static">
      <UniqueIdentifier>{178414dd-fe34-4d31-80a1-396203ba9bda}</UniqueIdentifier>
    </Filter>
    <Filter Include="__Phase2_Lab\phaseFSM\Actor\Midboss\3. Laser">
      <UniqueIdentifier>{cdd7a491-4266-4784-9cb3-0a063cd30b69}</UniqueIdentifier>
    </Filter>
    <Filter Include="__Phase2_Lab\phaseFSM\Actor\Player">
      <UniqueIdentifier>{37201e8c-1b3d-4102-b776-664a03b55020}</UniqueIdentifier>
    </Filter>
    <Filter Include="__Phase2_Lab\phaseFSM\Actor\Camera">
      <UniqueIdentifier>{211f8d6e-4e54-470c-b537-1949a85e936b}</UniqueIdentifier>
    </Filter>
    <Filter Include="__Phase2_Lab\phaseFSM\Actor\Enemy">
      <UniqueIdentifier>{3c423167-0ac7-457a-93d9-fc2125fed6bd}</UniqueIdentifier>
    </Filter>
  </ItemGroup>
  <ItemGroup>
    <ResourceCompile Include="Nalmak3D_SR.rc">
      <Filter>99.Default</Filter>
    </ResourceCompile>
  </ItemGroup>
  <ItemGroup>
    <Text Include="ReadMe.txt">
      <Filter>99.Default</Filter>
    </Text>
  </ItemGroup>
  <ItemGroup>
    <FxCompile Include="..\..\Resource\Shader\default.fx">
      <Filter>03.Resource\02.Shader</Filter>
    </FxCompile>
    <FxCompile Include="..\..\Resource\Shader\line.fx">
      <Filter>03.Resource\02.Shader</Filter>
    </FxCompile>
    <FxCompile Include="..\..\Resource\Shader\particle.fx">
      <Filter>03.Resource\02.Shader</Filter>
    </FxCompile>
    <FxCompile Include="..\..\Resource\Shader\noneNormal.fx">
      <Filter>03.Resource\02.Shader</Filter>
    </FxCompile>
    <FxCompile Include="..\..\Resource\Shader\skyBox.fx">
      <Filter>03.Resource\02.Shader</Filter>
    </FxCompile>
    <FxCompile Include="..\..\Resource\Shader\defaultUI.fx">
      <Filter>03.Resource\02.Shader</Filter>
    </FxCompile>
    <FxCompile Include="..\..\Resource\Shader\deferred_geometry.fx">
      <Filter>03.Resource\02.Shader</Filter>
    </FxCompile>
    <FxCompile Include="..\..\Resource\Shader\standard.fx">
      <Filter>03.Resource\02.Shader</Filter>
    </FxCompile>
    <FxCompile Include="..\..\Resource\Shader\H_light.fx">
      <Filter>03.Resource\02.Shader\Common</Filter>
    </FxCompile>
    <FxCompile Include="..\..\Resource\Shader\H_common.fx">
      <Filter>03.Resource\02.Shader\Common</Filter>
    </FxCompile>
    <FxCompile Include="..\..\Resource\Shader\D_FullScreen.fx">
      <Filter>03.Resource\02.Shader</Filter>
    </FxCompile>
    <FxCompile Include="..\..\Resource\Shader\defaultDebug.fx">
      <Filter>03.Resource\02.Shader</Filter>
    </FxCompile>
    <FxCompile Include="..\..\Resource\Shader\D_Debug.fx">
      <Filter>03.Resource\02.Shader</Filter>
    </FxCompile>
    <FxCompile Include="..\..\Resource\Shader\StageSelectFloor.fx">
      <Filter>03.Resource\02.Shader\StageSelect</Filter>
    </FxCompile>
    <FxCompile Include="..\..\Resource\Shader\ground.fx">
      <Filter>03.Resource\02.Shader\Stage</Filter>
    </FxCompile>
    <FxCompile Include="..\..\Resource\Shader\D_DirectionalLight.fx">
      <Filter>03.Resource\02.Shader\Light</Filter>
    </FxCompile>
    <FxCompile Include="..\..\Resource\Shader\D_PointLight_Stencil.fx">
      <Filter>03.Resource\02.Shader\Light</Filter>
    </FxCompile>
    <FxCompile Include="..\..\Resource\Shader\D_PointLight.fx">
      <Filter>03.Resource\02.Shader\Light</Filter>
    </FxCompile>
    <FxCompile Include="..\..\Resource\Shader\standard_normal.fx">
      <Filter>03.Resource\02.Shader</Filter>
    </FxCompile>
    <FxCompile Include="..\..\Resource\Shader\20mmCannon.fx">
      <Filter>03.Resource\02.Shader\Stage</Filter>
    </FxCompile>
    <FxCompile Include="..\..\Resource\Shader\billboard3DUI.fx">
      <Filter>03.Resource\02.Shader</Filter>
    </FxCompile>
    <FxCompile Include="..\..\Resource\Shader\screenDistortion.fx">
      <Filter>03.Resource\02.Shader</Filter>
    </FxCompile>
    <FxCompile Include="..\..\Resource\Shader\particleDistortion.fx">
      <Filter>03.Resource\02.Shader\Stage</Filter>
    </FxCompile>
    <FxCompile Include="..\..\Resource\Shader\particleDistortionMask.fx">
      <Filter>03.Resource\02.Shader\Stage</Filter>
    </FxCompile>
    <FxCompile Include="..\..\Resource\Shader\shieldEffect.fx">
      <Filter>03.Resource\02.Shader\Stage</Filter>
    </FxCompile>
  </ItemGroup>
</Project>