<?xml version="1.0" encoding="utf-8"?>
<Project ToolsVersion="4.0" xmlns="http://schemas.microsoft.com/developer/msbuild/2003">
  <ItemGroup>
    <ClInclude Include="Nalmak3D_SR.h">
      <Filter>99.Default</Filter>
    </ClInclude>
    <ClInclude Include="Resource.h">
      <Filter>99.Default</Filter>
    </ClInclude>
    <ClInclude Include="targetver.h">
      <Filter>99.Default</Filter>
    </ClInclude>
    <ClInclude Include="..\Include\Extern.h">
      <Filter>98.PreCompile\02.Extern</Filter>
    </ClInclude>
    <ClInclude Include="..\Include\Enum.h">
      <Filter>98.PreCompile\01.Enum</Filter>
    </ClInclude>
    <ClInclude Include="..\Include\MainGame.h">
      <Filter>00.Main</Filter>
    </ClInclude>
    <ClInclude Include="stdafx.h">
      <Filter>98.PreCompile</Filter>
    </ClInclude>
    <ClInclude Include="..\Include\HeeTestScene.h">
      <Filter>01.Scene\01.Test\99%29GeunHeeTestScene</Filter>
    </ClInclude>
    <ClInclude Include="..\Include\EnemyManager.h">
      <Filter>02.Component\00.Manager\Enemy\00%29EnemyManager</Filter>
    </ClInclude>
    <ClInclude Include="..\Include\PlayerInfoManager.h">
      <Filter>02.Component\00.Manager\Player</Filter>
    </ClInclude>
    <ClInclude Include="..\Include\PlayerMove.h">
      <Filter>02.Component\00.Manager\Player\PlayerFSM</Filter>
    </ClInclude>
    <ClInclude Include="..\Include\FixToTarget.h">
      <Filter>02.Component\00.Manager\FixCamera</Filter>
    </ClInclude>
    <ClInclude Include="..\Include\MouseOption.h">
      <Filter>02.Component\00.Manager\Mouse</Filter>
    </ClInclude>
    <ClInclude Include="..\Include\SmoothFollow.h">
      <Filter>02.Component\00.Manager\FixCamera</Filter>
    </ClInclude>
    <ClInclude Include="..\Include\Enemy.h">
      <Filter>02.Component\00.Manager\Enemy\01%29Enemy</Filter>
    </ClInclude>
    <ClInclude Include="..\Include\Enemy_Idle.h">
      <Filter>02.Component\00.Manager\Enemy\02%29Enemy_Patterns\Idle</Filter>
    </ClInclude>
    <ClInclude Include="..\Include\Enemy_Chase.h">
      <Filter>02.Component\00.Manager\Enemy\02%29Enemy_Patterns\att_Chase</Filter>
    </ClInclude>
    <ClInclude Include="..\Include\Enemy_Hold.h">
      <Filter>02.Component\00.Manager\Enemy\02%29Enemy_Patterns\att_Hold</Filter>
    </ClInclude>
    <ClInclude Include="..\Include\Bullet_Manager.h">
      <Filter>02.Component\00.Manager\BulletManager\00%29Manager</Filter>
    </ClInclude>
    <ClInclude Include="..\Include\SceneChanger.h">
      <Filter>02.Component\01.Utility</Filter>
    </ClInclude>
    <ClInclude Include="..\Include\Rader.h">
      <Filter>02.Component\02.UI</Filter>
    </ClInclude>
    <ClInclude Include="..\Include\SingleLine.h">
      <Filter>02.Component\02.UI</Filter>
    </ClInclude>
    <ClInclude Include="..\Include\ClimbTerrain.h">
      <Filter>02.Component\01.Utility</Filter>
    </ClInclude>
    <ClInclude Include="..\Include\PrintInfo.h">
      <Filter>02.Component\01.Utility</Filter>
    </ClInclude>
    <ClInclude Include="..\Include\PhantomScene.h">
      <Filter>01.Scene\01.Test</Filter>
    </ClInclude>
    <ClInclude Include="..\Include\GarageScene.h">
      <Filter>01.Scene\00.Game</Filter>
    </ClInclude>
    <ClInclude Include="..\Include\Stage2Scene.h">
      <Filter>01.Scene\00.Game</Filter>
    </ClInclude>
    <ClInclude Include="..\Include\StageScene.h">
      <Filter>01.Scene\00.Game</Filter>
    </ClInclude>
    <ClInclude Include="..\Include\StageSelectScene.h">
      <Filter>01.Scene\00.Game</Filter>
    </ClInclude>
    <ClInclude Include="..\Include\TitleScene.h">
      <Filter>01.Scene\00.Game</Filter>
    </ClInclude>
    <ClInclude Include="..\Include\UILabScene.h">
      <Filter>01.Scene\01.Test</Filter>
    </ClInclude>
    <ClInclude Include="..\Include\NalmakScene.h">
      <Filter>01.Scene\01.Test</Filter>
    </ClInclude>
    <ClInclude Include="..\Include\Bullet.h">
      <Filter>02.Component\00.Manager\BulletManager\MachineGun</Filter>
    </ClInclude>
    <ClInclude Include="..\Include\Missile.h">
      <Filter>02.Component\00.Manager\BulletManager\Missile</Filter>
    </ClInclude>
    <ClInclude Include="..\Include\UIFactory.h" />
    <ClInclude Include="..\Include\Homing.h">
      <Filter>02.Component\00.Manager\BulletManager\Homing</Filter>
    </ClInclude>
    <ClInclude Include="..\Include\RevolvesToTarget.h">
      <Filter>02.Component\00.Manager\FixCamera</Filter>
    </ClInclude>
    <ClInclude Include="..\Include\TopViewCamera.h">
      <Filter>02.Component\00.Manager\FixCamera\2DTopViewCamera</Filter>
    </ClInclude>
    <ClInclude Include="..\Include\Ground.h" />
    <ClInclude Include="..\Include\MoveBySpline.h" />
    <ClInclude Include="..\Include\EditController.h" />
    <ClInclude Include="..\Include\CustomDebuger.h" />
    <ClInclude Include="..\Include\MoveBySpline.h" />
      <Filter>02.Component\00.Manager\Player</Filter>
    </ClInclude>
    <ClInclude Include="..\Include\DogFightState.h">
      <Filter>04.Combat State\00%29DogFight</Filter>
    </ClInclude>
    <ClInclude Include="..\Include\BossState.h">
      <Filter>04.Combat State\02%29Boss</Filter>
    </ClInclude>
    <ClInclude Include="..\Include\StageManager.h">
      <Filter>02.Component\00.Manager\StageStateManager</Filter>
    </ClInclude>
    <ClInclude Include="..\Include\PlayerTopViewMove.h">
      <Filter>02.Component\00.Manager\Player\PlayerFSM</Filter>
    </ClInclude>
    <ClInclude Include="..\Include\EvasionState.h">
      <Filter>04.Combat State\01%29Evasion</Filter>
    </ClInclude>
    <ClInclude Include="..\Include\PlayerIdle.h">
      <Filter>02.Component\00.Manager\Player\PlayerFSM</Filter>
    </ClInclude>
    <ClInclude Include="..\Include\PauseState.h" />
    </ClInclude>
    <ClInclude Include="..\Include\Define.h">
      <Filter>98.PreCompile\00.Define</Filter>
    </ClInclude>
    <ClInclude Include="..\Include\Enemy_Drop.h">
      <Filter>02.Component\00.Manager\Enemy\02%29Enemy_Patterns\att_Drop</Filter>
    </ClInclude>
    <ClInclude Include="..\Include\Enemy_Death.h">
      <Filter>02.Component\00.Manager\Enemy\02%29Enemy_Patterns\Death</Filter>
    </ClInclude>
    <ClInclude Include="..\Include\PlayerKitSelector.h">
      <Filter>02.Component\00.Manager</Filter>
    </ClInclude>
    <ClInclude Include="..\Include\UseItem.h">
      <Filter>02.Component\00.Manager\Player</Filter>
    </ClInclude>
    <ClInclude Include="..\Include\Struct.h">
      <Filter>98.PreCompile\03.Struct</Filter>
    </ClInclude>
    <ClInclude Include="..\Include\AimMissile.h">
      <Filter>02.Component\00.Manager\PlayerKit</Filter>
    </ClInclude>
    <ClInclude Include="..\Include\UseItem.h">
      <Filter>02.Component\00.Manager\PlayerKit</Filter>
    </ClInclude>
  </ItemGroup>
  <ItemGroup>
    <ClCompile Include="Nalmak3D_SR.cpp">
      <Filter>99.Default</Filter>
    </ClCompile>
    <ClCompile Include="..\Source\MainGame.cpp">
      <Filter>00.Main</Filter>
    </ClCompile>
    <ClCompile Include="stdafx.cpp">
      <Filter>98.PreCompile</Filter>
    </ClCompile>
    <ClCompile Include="..\Source\HeeTestScene.cpp">
      <Filter>01.Scene\01.Test\99%29GeunHeeTestScene</Filter>
    </ClCompile>
    <ClCompile Include="..\Source\EnemyManager.cpp">
      <Filter>02.Component\00.Manager\Enemy\00%29EnemyManager</Filter>
    </ClCompile>
    <ClCompile Include="..\Source\PlayerInfoManager.cpp">
      <Filter>02.Component\00.Manager\Player</Filter>
    </ClCompile>
    <ClCompile Include="..\Source\PlayerMove.cpp">
      <Filter>02.Component\00.Manager\Player\PlayerFSM</Filter>
    </ClCompile>
    <ClCompile Include="..\Source\FixToTarget.cpp">
      <Filter>02.Component\00.Manager\FixCamera</Filter>
    </ClCompile>
    <ClCompile Include="..\Source\MouseOption.cpp">
      <Filter>02.Component\00.Manager\Mouse</Filter>
    </ClCompile>
    <ClCompile Include="..\Source\SmoothFollow.cpp">
      <Filter>02.Component\00.Manager\FixCamera</Filter>
    </ClCompile>
    <ClCompile Include="..\Source\Enemy.cpp">
      <Filter>02.Component\00.Manager\Enemy\01%29Enemy</Filter>
    </ClCompile>
    <ClCompile Include="..\Source\Enemy_Idle.cpp">
      <Filter>02.Component\00.Manager\Enemy\02%29Enemy_Patterns\Idle</Filter>
    </ClCompile>
    <ClCompile Include="..\Source\Enemy_Chase.cpp">
      <Filter>02.Component\00.Manager\Enemy\02%29Enemy_Patterns\att_Chase</Filter>
    </ClCompile>
    <ClCompile Include="..\Source\Enemy_Hold.cpp">
      <Filter>02.Component\00.Manager\Enemy\02%29Enemy_Patterns\att_Hold</Filter>
    </ClCompile>
    <ClCompile Include="..\Source\Bullet_Manager.cpp">
      <Filter>02.Component\00.Manager\BulletManager\00%29Manager</Filter>
    </ClCompile>
    <ClCompile Include="..\Source\SceneChanger.cpp">
      <Filter>02.Component\01.Utility</Filter>
    </ClCompile>
    <ClCompile Include="..\Source\Rader.cpp">
      <Filter>02.Component\02.UI</Filter>
    </ClCompile>
    <ClCompile Include="..\Source\SingleLine.cpp">
      <Filter>02.Component\02.UI</Filter>
    </ClCompile>
    <ClCompile Include="..\Source\ClimbTerrain.cpp">
      <Filter>02.Component\01.Utility</Filter>
    </ClCompile>
    <ClCompile Include="..\Source\PrintInfo.cpp">
      <Filter>02.Component\01.Utility</Filter>
    </ClCompile>
    <ClCompile Include="..\Source\PhantomScene.cpp">
      <Filter>01.Scene\01.Test</Filter>
    </ClCompile>
    <ClCompile Include="..\Source\GarageScene.cpp">
      <Filter>01.Scene\00.Game</Filter>
    </ClCompile>
    <ClCompile Include="..\Source\Stage2Scene.cpp">
      <Filter>01.Scene\00.Game</Filter>
    </ClCompile>
    <ClCompile Include="..\Source\StageScene.cpp">
      <Filter>01.Scene\00.Game</Filter>
    </ClCompile>
    <ClCompile Include="..\Source\StageSelectScene.cpp">
      <Filter>01.Scene\00.Game</Filter>
    </ClCompile>
    <ClCompile Include="..\Source\TitleScene.cpp">
      <Filter>01.Scene\00.Game</Filter>
    </ClCompile>
    <ClCompile Include="..\Source\UILabScene.cpp">
      <Filter>01.Scene\01.Test</Filter>
    </ClCompile>
    <ClCompile Include="..\Source\NalmakScene.cpp">
      <Filter>01.Scene\01.Test</Filter>
    </ClCompile>
    <ClCompile Include="..\Source\Bullet.cpp">
      <Filter>02.Component\00.Manager\BulletManager\MachineGun</Filter>
    </ClCompile>
    <ClCompile Include="..\Source\Missile.cpp">
      <Filter>02.Component\00.Manager\BulletManager\Missile</Filter>
    </ClCompile>
    <ClCompile Include="..\Source\Homing.cpp">
      <Filter>02.Component\00.Manager\BulletManager\Homing</Filter>
    </ClCompile>
    <ClCompile Include="..\Source\RevolvesToTarget.cpp">
      <Filter>02.Component\00.Manager\FixCamera</Filter>
    </ClCompile>
    <ClCompile Include="..\Source\TopViewCamera.cpp">
      <Filter>02.Component\00.Manager\FixCamera\2DTopViewCamera</Filter>
    </ClCompile>
    <ClCompile Include="..\Source\Ground.cpp" />
    <ClCompile Include="..\Source\EditController.cpp" />
    <ClCompile Include="..\Source\CustomDebuger.cpp" />
    <ClCompile Include="..\Source\MoveBySpline.cpp" />
    <ClCompile Include="..\Source\PlayerTopViewMove.cpp">
      <Filter>02.Component\00.Manager\Player</Filter>
    </ClCompile>
    <ClCompile Include="..\Source\DogFightState.cpp">
      <Filter>04.Combat State\00%29DogFight</Filter>
    </ClCompile>
    <ClCompile Include="..\Source\BossState.cpp">
      <Filter>04.Combat State\02%29Boss</Filter>
    </ClCompile>
    <ClCompile Include="..\Source\StageManager.cpp">
      <Filter>02.Component\00.Manager\StageStateManager</Filter>
    </ClCompile>
    <ClCompile Include="..\Source\PlayerTopViewMove.cpp">
      <Filter>02.Component\00.Manager\Player\PlayerFSM</Filter>
    </ClCompile>
    <ClCompile Include="..\Source\EvasionState.cpp">
      <Filter>04.Combat State\01%29Evasion</Filter>
    </ClCompile>
    <ClCompile Include="..\Source\PlayerIdle.cpp">
      <Filter>02.Component\00.Manager\Player\PlayerFSM</Filter>
    </ClCompile>
    <ClCompile Include="..\Source\PauseState.cpp" />
    </ClCompile>
    <ClCompile Include="..\Source\Enemy_Drop.cpp">
      <Filter>02.Component\00.Manager\Enemy\02%29Enemy_Patterns\att_Drop</Filter>
    </ClCompile>
    <ClCompile Include="..\Source\Enemy_Death.cpp">
      <Filter>02.Component\00.Manager\Enemy\02%29Enemy_Patterns\Death</Filter>
   </ClCompile>
    <ClCompile Include="..\Source\PlayerKitSelector.cpp">
      <Filter>02.Component\00.Manager</Filter>
    </ClCompile>
    <ClCompile Include="..\Source\AimMissile.cpp">
      <Filter>02.Component\00.Manager\PlayerKit</Filter>
    </ClCompile>
    <ClCompile Include="..\Source\UseItem.cpp">
      <Filter>02.Component\00.Manager\PlayerKit</Filter>
    </ClCompile>
  </ItemGroup>
  <ItemGroup>
    <Image Include="Nalmak3D_SR.ico">
      <Filter>99.Default</Filter>
    </Image>
    <Image Include="small.ico">
      <Filter>99.Default</Filter>
    </Image>
  </ItemGroup>
  <ItemGroup>
    <Filter Include="99.Default">
      <UniqueIdentifier>{a6660160-cd4a-4c06-a1c6-60284f34124d}</UniqueIdentifier>
    </Filter>
    <Filter Include="98.PreCompile">
      <UniqueIdentifier>{2e85a4a7-f68d-4f19-a778-f1c020085930}</UniqueIdentifier>
    </Filter>
    <Filter Include="98.PreCompile\00.Define">
      <UniqueIdentifier>{42d2d585-dfda-4910-b06a-daff2a90e92e}</UniqueIdentifier>
    </Filter>
    <Filter Include="98.PreCompile\02.Extern">
      <UniqueIdentifier>{20451b42-8431-478b-8dc4-8480da0b2211}</UniqueIdentifier>
    </Filter>
    <Filter Include="98.PreCompile\01.Enum">
      <UniqueIdentifier>{44b7a078-bf7a-4213-bfbb-0862d945be3f}</UniqueIdentifier>
    </Filter>
    <Filter Include="00.Main">
      <UniqueIdentifier>{f4cde318-699b-4101-ac58-d494b896f71c}</UniqueIdentifier>
    </Filter>
    <Filter Include="01.Scene">
      <UniqueIdentifier>{5f9dbd21-330f-48aa-aad2-4fd421d5366d}</UniqueIdentifier>
    </Filter>
    <Filter Include="02.Component">
      <UniqueIdentifier>{efc1141f-5a17-40b6-9f6a-58a40e956726}</UniqueIdentifier>
    </Filter>
    <Filter Include="03.Resource">
      <UniqueIdentifier>{1ecd7c50-cb74-443e-9a5e-81a35dbd9469}</UniqueIdentifier>
    </Filter>
    <Filter Include="03.Resource\02.Shader">
      <UniqueIdentifier>{7ae42d59-6412-4a79-acc3-19e26215e710}</UniqueIdentifier>
    </Filter>
    <Filter Include="02.Component\00.Manager">
      <UniqueIdentifier>{620004b3-601d-458e-9e74-70f98e3743b1}</UniqueIdentifier>
    </Filter>
    <Filter Include="02.Component\00.Manager\Enemy">
      <UniqueIdentifier>{88c15850-b344-4d77-b46d-6ed376456930}</UniqueIdentifier>
    </Filter>
    <Filter Include="02.Component\00.Manager\Enemy\00%29EnemyManager">
      <UniqueIdentifier>{74a4154a-e67a-4131-afa2-e0fd522637e7}</UniqueIdentifier>
    </Filter>
    <Filter Include="02.Component\00.Manager\Enemy\01%29Enemy">
      <UniqueIdentifier>{471371f4-d5fc-408a-9393-b9a42789b616}</UniqueIdentifier>
    </Filter>
    <Filter Include="02.Component\00.Manager\Player">
      <UniqueIdentifier>{5098e947-8ec3-495e-8bb1-bb2273f1e12f}</UniqueIdentifier>
    </Filter>
    <Filter Include="02.Component\00.Manager\Player\PlayerFSM">
      <UniqueIdentifier>{a323ffc7-d61c-4058-b946-29056b0ca33e}</UniqueIdentifier>
    </Filter>
    <Filter Include="02.Component\00.Manager\FixCamera">
      <UniqueIdentifier>{55e4567d-ddb8-4fa2-b78d-65321c051a15}</UniqueIdentifier>
    </Filter>
    <Filter Include="02.Component\00.Manager\Mouse">
      <UniqueIdentifier>{ff632f15-61fa-4d29-95de-f7e2b4aac73b}</UniqueIdentifier>
    </Filter>
    <Filter Include="02.Component\01.Utility">
      <UniqueIdentifier>{e9b71a8c-da3c-4ad5-8464-e03f0375b2ec}</UniqueIdentifier>
    </Filter>
    <Filter Include="02.Component\02.UI">
      <UniqueIdentifier>{8b11302c-0946-4b14-8367-831fe8789a40}</UniqueIdentifier>
    </Filter>
    <Filter Include="01.Scene\00.Game">
      <UniqueIdentifier>{c57d9dbe-ffea-4ee8-9e1a-f7a67bf80a18}</UniqueIdentifier>
    </Filter>
    <Filter Include="01.Scene\01.Test">
      <UniqueIdentifier>{a1dffe79-acc0-4701-bbb6-7528c79728e4}</UniqueIdentifier>
    </Filter>
    <Filter Include="01.Scene\01.Test\99%29GeunHeeTestScene">
      <UniqueIdentifier>{f9b0f39f-1586-41e3-92e5-c0cce9aaad1b}</UniqueIdentifier>
    </Filter>
    <Filter Include="03.Resource\02.Shader\Common">
      <UniqueIdentifier>{6b5467bb-1bd2-4774-8798-9a69fc77288c}</UniqueIdentifier>
    </Filter>
    <Filter Include="02.Component\00.Manager\BulletManager">
      <UniqueIdentifier>{a6b1d829-360d-4132-b12c-68c488218c23}</UniqueIdentifier>
    </Filter>
    <Filter Include="02.Component\00.Manager\BulletManager\00%29Manager">
      <UniqueIdentifier>{a62225df-353e-428f-82dd-4d2fca9da824}</UniqueIdentifier>
    </Filter>
    <Filter Include="02.Component\00.Manager\BulletManager\Missile">
      <UniqueIdentifier>{273aaf80-a566-43b8-bf1d-81139c9ecb8b}</UniqueIdentifier>
    </Filter>
    <Filter Include="02.Component\00.Manager\BulletManager\Homing">
      <UniqueIdentifier>{1f100bc1-d700-466c-a558-7862f16e388b}</UniqueIdentifier>
    </Filter>
    <Filter Include="02.Component\00.Manager\FixCamera\2DTopViewCamera">
      <UniqueIdentifier>{a72f487d-d927-47dd-842a-cbe761320505}</UniqueIdentifier>
    </Filter>
    <Filter Include="02.Component\00.Manager\Player\PlayerFSM\ToTopView Produce">
      <UniqueIdentifier>{ba1dbbf5-d567-4401-aa78-139f6cf1b08f}</UniqueIdentifier>
    </Filter>
    <Filter Include="03.Resource\02.Shader\StageSelect">
      <UniqueIdentifier>{ce9bbe7f-34cd-45c4-bd6a-0f2b24e847ea}</UniqueIdentifier>
    </Filter>
    <Filter Include="03.Resource\02.Shader\Stage">
      <UniqueIdentifier>{ec31fd85-1ec0-411c-8968-4cd2f96268f3}</UniqueIdentifier>
    </Filter>
    <Filter Include="03.Resource\02.Shader\Light">
      <UniqueIdentifier>{01dff7d1-3dfb-437e-aae6-cc2f3e262f86}</UniqueIdentifier>
    </Filter>
    <Filter Include="02.Component\04.StageSelectScene">
      <UniqueIdentifier>{1ea3685e-e51f-4601-b41b-86822fef3d55}</UniqueIdentifier>
    </Filter>
    <Filter Include="02.Component\00.Manager\StageStateManager">
      <UniqueIdentifier>{493b7d00-e614-4513-b431-d1c40cd424a7}</UniqueIdentifier>
    </Filter>
    <Filter Include="04.Combat State">
      <UniqueIdentifier>{dea952e2-3812-4031-99e4-5366973e199d}</UniqueIdentifier>
    </Filter>
    <Filter Include="04.Combat State\00%29DogFight">
      <UniqueIdentifier>{4aa02e57-21f5-4eb5-80f6-83bb52a1c427}</UniqueIdentifier>
    </Filter>
    <Filter Include="04.Combat State\01%29Evasion">
      <UniqueIdentifier>{1a189a41-bbb6-4ae4-a62b-63c2d3be9e7d}</UniqueIdentifier>
    </Filter>
    <Filter Include="04.Combat State\02%29Boss">
      <UniqueIdentifier>{583558e6-abcc-426b-88ad-24cacee3edcb}</UniqueIdentifier>
    </Filter>
    <Filter Include="98.PreCompile\03.Struct">
      <UniqueIdentifier>{c24f9b1b-464a-4c16-ae34-cb42bf5c172e}</UniqueIdentifier>
    </Filter>
    <Filter Include="02.Component\00.Manager\BulletManager\MachineGun">
      <UniqueIdentifier>{23765436-d43d-4b2e-aa6d-67b00e77d76c}</UniqueIdentifier>
    </Filter>
    <Filter Include="02.Component\00.Manager\Enemy\02%29Enemy_Patterns">
      <UniqueIdentifier>{68e9b2a4-58d6-4e4c-a3a1-54069dc961b9}</UniqueIdentifier>
    </Filter>
    <Filter Include="02.Component\00.Manager\Enemy\02%29Enemy_Patterns\Idle">
      <UniqueIdentifier>{057f3a40-069b-41bf-83d1-769f80e85d03}</UniqueIdentifier>
    </Filter>
    <Filter Include="02.Component\00.Manager\Enemy\02%29Enemy_Patterns\Death">
      <UniqueIdentifier>{d5f13b66-30ff-4c40-ba3c-319d661789ec}</UniqueIdentifier>
    </Filter>
    <Filter Include="02.Component\00.Manager\Enemy\02%29Enemy_Patterns\att_Chase">
      <UniqueIdentifier>{2ff71113-836e-4780-bc55-a381acfc1710}</UniqueIdentifier>
    </Filter>
    <Filter Include="02.Component\00.Manager\Enemy\02%29Enemy_Patterns\att_Hold">
      <UniqueIdentifier>{d0f1736a-3073-4268-b99a-eb82fb56c575}</UniqueIdentifier>
    </Filter>
    <Filter Include="02.Component\00.Manager\Enemy\02%29Enemy_Patterns\att_Drop">
      <UniqueIdentifier>{08bc2334-fb03-47f3-8c43-d8b8e74f8631}</UniqueIdentifier>
    </Filter>
    <Filter Include="98.PreCompile\03.Struct">
      <UniqueIdentifier>{40096f35-81ec-4923-bda7-8bb44ae8d51d}</UniqueIdentifier>
    </Filter>
    <Filter Include="02.Component\00.Manager\PlayerKit">
      <UniqueIdentifier>{497b0547-52eb-4157-8921-2f9456aab45d}</UniqueIdentifier>
    </Filter>
  </ItemGroup>
  <ItemGroup>
    <ResourceCompile Include="Nalmak3D_SR.rc">
      <Filter>99.Default</Filter>
    </ResourceCompile>
  </ItemGroup>
  <ItemGroup>
    <Text Include="ReadMe.txt">
      <Filter>99.Default</Filter>
    </Text>
  </ItemGroup>
  <ItemGroup>
    <FxCompile Include="..\..\Resource\Shader\default.fx">
      <Filter>03.Resource\02.Shader</Filter>
    </FxCompile>
    <FxCompile Include="..\..\Resource\Shader\line.fx">
      <Filter>03.Resource\02.Shader</Filter>
    </FxCompile>
    <FxCompile Include="..\..\Resource\Shader\particle.fx">
      <Filter>03.Resource\02.Shader</Filter>
    </FxCompile>
    <FxCompile Include="..\..\Resource\Shader\noneNormal.fx">
      <Filter>03.Resource\02.Shader</Filter>
    </FxCompile>
    <FxCompile Include="..\..\Resource\Shader\skyBox.fx">
      <Filter>03.Resource\02.Shader</Filter>
    </FxCompile>
    <FxCompile Include="..\..\Resource\Shader\defaultUI.fx">
      <Filter>03.Resource\02.Shader</Filter>
    </FxCompile>
    <FxCompile Include="..\..\Resource\Shader\deferred_geometry.fx">
      <Filter>03.Resource\02.Shader</Filter>
    </FxCompile>
    <FxCompile Include="..\..\Resource\Shader\standard.fx">
      <Filter>03.Resource\02.Shader</Filter>
    </FxCompile>
    <FxCompile Include="..\..\Resource\Shader\H_light.fx">
      <Filter>03.Resource\02.Shader\Common</Filter>
    </FxCompile>
    <FxCompile Include="..\..\Resource\Shader\H_common.fx">
      <Filter>03.Resource\02.Shader\Common</Filter>
    </FxCompile>
    <FxCompile Include="..\..\Resource\Shader\D_FullScreen.fx">
      <Filter>03.Resource\02.Shader</Filter>
    </FxCompile>
    <FxCompile Include="..\..\Resource\Shader\defaultDebug.fx">
      <Filter>03.Resource\02.Shader</Filter>
    </FxCompile>
    <FxCompile Include="..\..\Resource\Shader\D_Debug.fx">
      <Filter>03.Resource\02.Shader</Filter>
    </FxCompile>
    <FxCompile Include="..\..\Resource\Shader\StageSelectFloor.fx">
      <Filter>03.Resource\02.Shader\StageSelect</Filter>
    </FxCompile>
    <FxCompile Include="..\..\Resource\Shader\ground.fx">
      <Filter>03.Resource\02.Shader\Stage</Filter>
    </FxCompile>
    <FxCompile Include="..\..\Resource\Shader\D_DirectionalLight.fx">
      <Filter>03.Resource\02.Shader\Light</Filter>
    </FxCompile>
    <FxCompile Include="..\..\Resource\Shader\D_PointLight_Stencil.fx">
      <Filter>03.Resource\02.Shader\Light</Filter>
    </FxCompile>
    <FxCompile Include="..\..\Resource\Shader\D_PointLight.fx">
      <Filter>03.Resource\02.Shader\Light</Filter>
    </FxCompile>
  </ItemGroup>
</Project>
