<?xml version="1.0" encoding="utf-8"?>
<Project ToolsVersion="4.0" xmlns="http://schemas.microsoft.com/developer/msbuild/2003">
  <ItemGroup>
    <ClInclude Include="Nalmak3D_SR.h">
      <Filter>99.Default</Filter>
    </ClInclude>
    <ClInclude Include="Resource.h">
      <Filter>99.Default</Filter>
    </ClInclude>
    <ClInclude Include="targetver.h">
      <Filter>99.Default</Filter>
    </ClInclude>
    <ClInclude Include="..\Include\Extern.h">
      <Filter>98.PreCompile\02.Extern</Filter>
    </ClInclude>
    <ClInclude Include="..\Include\TitleScene.h">
      <Filter>01.Scene</Filter>
    </ClInclude>
    <ClInclude Include="..\Include\StageScene.h">
      <Filter>01.Scene</Filter>
    </ClInclude>
    <ClInclude Include="..\Include\Enum.h">
      <Filter>98.PreCompile\01.Enum</Filter>
    </ClInclude>
    <ClInclude Include="..\Include\MainGame.h">
      <Filter>00.Main</Filter>
    </ClInclude>
    <ClInclude Include="stdafx.h">
      <Filter>98.PreCompile</Filter>
    </ClInclude>
    <ClInclude Include="..\Include\PlaneInfo.h">
      <Filter>02.Component\00.Plane</Filter>
    </ClInclude>
    <ClInclude Include="..\Include\PlaneController.h">
      <Filter>02.Component\00.Plane</Filter>
    </ClInclude>
    <ClInclude Include="..\Include\Define.h">
      <Filter>98.PreCompile\01.Enum</Filter>
    </ClInclude>
    <ClInclude Include="..\Include\ClimbTerrain.h">
      <Filter>02.Component</Filter>
    </ClInclude>
    <ClInclude Include="..\Include\StageManager.h">
      <Filter>02.Component\00.Manager</Filter>
    </ClInclude>
    <ClInclude Include="..\Include\BossState.h">
      <Filter>04.State</Filter>
    </ClInclude>
    <ClInclude Include="..\Include\DogFightState.h">
      <Filter>04.State</Filter>
    </ClInclude>
    <ClInclude Include="..\Include\ShootingState.h">
      <Filter>04.State</Filter>
    </ClInclude>
    <ClInclude Include="..\Include\GarageScene.h">
      <Filter>01.Scene</Filter>
    </ClInclude>
    <ClInclude Include="..\Include\PhantomScene.h">
      <Filter>01.Scene</Filter>
    </ClInclude>
    <ClInclude Include="..\Include\Stage2Scene.h">
      <Filter>01.Scene</Filter>
    </ClInclude>
    <ClInclude Include="..\Include\StageSelectScene.h">
      <Filter>01.Scene</Filter>
    </ClInclude>
    <ClInclude Include="..\Include\HeeTestScene.h">
      <Filter>01.Scene\99%29GeunHeeTestScene</Filter>
    </ClInclude>
    <ClInclude Include="..\Include\Enemy.h">
      <Filter>02.Component\00.Manager\Enemy\01%29Enemy</Filter>
    </ClInclude>
    <ClInclude Include="..\Include\EnemyManager.h">
      <Filter>02.Component\00.Manager\Enemy\00%29EnemyManager</Filter>
    </ClInclude>
  </ItemGroup>
  <ItemGroup>
    <ClCompile Include="Nalmak3D_SR.cpp">
      <Filter>99.Default</Filter>
    </ClCompile>
    <ClCompile Include="..\Source\TitleScene.cpp">
      <Filter>01.Scene</Filter>
    </ClCompile>
    <ClCompile Include="..\Source\StageScene.cpp">
      <Filter>01.Scene</Filter>
    </ClCompile>
    <ClCompile Include="..\Source\MainGame.cpp">
      <Filter>00.Main</Filter>
    </ClCompile>
    <ClCompile Include="stdafx.cpp">
      <Filter>98.PreCompile</Filter>
    </ClCompile>
    <ClCompile Include="..\Source\PlaneInfo.cpp">
      <Filter>02.Component\00.Plane</Filter>
    </ClCompile>
    <ClCompile Include="..\Source\PlaneController.cpp">
      <Filter>02.Component\00.Plane</Filter>
    </ClCompile>
    <ClCompile Include="..\Source\ClimbTerrain.cpp">
      <Filter>02.Component</Filter>
    </ClCompile>
    <ClCompile Include="..\Source\StageManager.cpp">
      <Filter>02.Component\00.Manager</Filter>
    </ClCompile>
    <ClCompile Include="..\Source\BossState.cpp">
      <Filter>04.State</Filter>
    </ClCompile>
    <ClCompile Include="..\Source\DogFightState.cpp">
      <Filter>04.State</Filter>
    </ClCompile>
    <ClCompile Include="..\Source\ShootingState.cpp">
      <Filter>04.State</Filter>
    </ClCompile>
    <ClCompile Include="..\Source\GarageScene.cpp">
      <Filter>01.Scene</Filter>
    </ClCompile>
    <ClCompile Include="..\Source\PhantomScene.cpp">
      <Filter>01.Scene</Filter>
    </ClCompile>
    <ClCompile Include="..\Source\Stage2Scene.cpp">
      <Filter>01.Scene</Filter>
    </ClCompile>
    <ClCompile Include="..\Source\StageSelectScene.cpp">
      <Filter>01.Scene</Filter>
    </ClCompile>
    <ClCompile Include="..\Source\HeeTestScene.cpp">
      <Filter>01.Scene\99%29GeunHeeTestScene</Filter>
    </ClCompile>
    <ClCompile Include="..\Source\Enemy.cpp">
      <Filter>02.Component\00.Manager\Enemy\01%29Enemy</Filter>
    </ClCompile>
    <ClCompile Include="..\Source\EnemyManager.cpp">
      <Filter>02.Component\00.Manager\Enemy\00%29EnemyManager</Filter>
    </ClCompile>
  </ItemGroup>
  <ItemGroup>
    <Image Include="Nalmak3D_SR.ico">
      <Filter>99.Default</Filter>
    </Image>
    <Image Include="small.ico">
      <Filter>99.Default</Filter>
    </Image>
  </ItemGroup>
  <ItemGroup>
    <Filter Include="99.Default">
      <UniqueIdentifier>{a6660160-cd4a-4c06-a1c6-60284f34124d}</UniqueIdentifier>
    </Filter>
    <Filter Include="98.PreCompile">
      <UniqueIdentifier>{2e85a4a7-f68d-4f19-a778-f1c020085930}</UniqueIdentifier>
    </Filter>
    <Filter Include="98.PreCompile\00.Define">
      <UniqueIdentifier>{42d2d585-dfda-4910-b06a-daff2a90e92e}</UniqueIdentifier>
    </Filter>
    <Filter Include="98.PreCompile\02.Extern">
      <UniqueIdentifier>{20451b42-8431-478b-8dc4-8480da0b2211}</UniqueIdentifier>
    </Filter>
    <Filter Include="98.PreCompile\01.Enum">
      <UniqueIdentifier>{44b7a078-bf7a-4213-bfbb-0862d945be3f}</UniqueIdentifier>
    </Filter>
    <Filter Include="00.Main">
      <UniqueIdentifier>{f4cde318-699b-4101-ac58-d494b896f71c}</UniqueIdentifier>
    </Filter>
    <Filter Include="01.Scene">
      <UniqueIdentifier>{5f9dbd21-330f-48aa-aad2-4fd421d5366d}</UniqueIdentifier>
    </Filter>
    <Filter Include="02.Component">
      <UniqueIdentifier>{efc1141f-5a17-40b6-9f6a-58a40e956726}</UniqueIdentifier>
    </Filter>
    <Filter Include="03.Resource">
      <UniqueIdentifier>{1ecd7c50-cb74-443e-9a5e-81a35dbd9469}</UniqueIdentifier>
    </Filter>
    <Filter Include="03.Resource\02.Shader">
      <UniqueIdentifier>{7ae42d59-6412-4a79-acc3-19e26215e710}</UniqueIdentifier>
    </Filter>
    <Filter Include="02.Component\00.Plane">
      <UniqueIdentifier>{f51a46b1-cb5c-4681-a100-32b6f0f3d97d}</UniqueIdentifier>
    </Filter>
    <Filter Include="02.Component\00.Manager">
      <UniqueIdentifier>{620004b3-601d-458e-9e74-70f98e3743b1}</UniqueIdentifier>
    </Filter>
    <Filter Include="04.State">
      <UniqueIdentifier>{dea952e2-3812-4031-99e4-5366973e199d}</UniqueIdentifier>
    </Filter>
    <Filter Include="01.Scene\99%29GeunHeeTestScene">
      <UniqueIdentifier>{f9b0f39f-1586-41e3-92e5-c0cce9aaad1b}</UniqueIdentifier>
    </Filter>
    <Filter Include="02.Component\00.Manager\Enemy">
      <UniqueIdentifier>{88c15850-b344-4d77-b46d-6ed376456930}</UniqueIdentifier>
    </Filter>
    <Filter Include="02.Component\00.Manager\Enemy\00%29EnemyManager">
      <UniqueIdentifier>{74a4154a-e67a-4131-afa2-e0fd522637e7}</UniqueIdentifier>
    </Filter>
    <Filter Include="02.Component\00.Manager\Enemy\01%29Enemy">
      <UniqueIdentifier>{471371f4-d5fc-408a-9393-b9a42789b616}</UniqueIdentifier>
    </Filter>
    <Filter Include="02.Component\00.Manager\Enemy\02%29Move_Pattern">
      <UniqueIdentifier>{68e9b2a4-58d6-4e4c-a3a1-54069dc961b9}</UniqueIdentifier>
    </Filter>
  </ItemGroup>
  <ItemGroup>
    <ResourceCompile Include="Nalmak3D_SR.rc">
      <Filter>99.Default</Filter>
    </ResourceCompile>
  </ItemGroup>
  <ItemGroup>
    <Text Include="ReadMe.txt">
      <Filter>99.Default</Filter>
    </Text>
  </ItemGroup>
  <ItemGroup>
    <FxCompile Include="..\..\Resource\Shader\default.fx">
      <Filter>03.Resource\02.Shader</Filter>
    </FxCompile>
    <FxCompile Include="..\..\Resource\Shader\line.fx">
      <Filter>03.Resource\02.Shader</Filter>
    </FxCompile>
    <FxCompile Include="..\..\Resource\Shader\particle.fx">
      <Filter>03.Resource\02.Shader</Filter>
    </FxCompile>
    <FxCompile Include="..\..\Resource\Shader\noneNormal.fx">
      <Filter>03.Resource\02.Shader</Filter>
    </FxCompile>
    <FxCompile Include="..\..\Resource\Shader\standard.fx">
      <Filter>03.Resource\02.Shader</Filter>
    </FxCompile>
    <FxCompile Include="..\..\Resource\Shader\skyBox.fx">
      <Filter>03.Resource\02.Shader</Filter>
    </FxCompile>
    <FxCompile Include="..\..\Resource\Shader\clearRT.fx">
      <Filter>03.Resource\02.Shader</Filter>
    </FxCompile>
    <FxCompile Include="..\..\Resource\Shader\lightPass.fx">
      <Filter>03.Resource\02.Shader</Filter>
    </FxCompile>
    <FxCompile Include="..\..\Resource\Shader\defaultUI.fx">
      <Filter>03.Resource\02.Shader</Filter>
    </FxCompile>
    <FxCompile Include="..\..\Resource\Shader\deferred_geometry.fx">
      <Filter>03.Resource\02.Shader</Filter>
    </FxCompile>
    <FxCompile Include="..\..\Resource\Shader\pointLight.fx">
      <Filter>03.Resource\02.Shader</Filter>
    </FxCompile>
    <FxCompile Include="..\..\Resource\Shader\common_h.fx">
      <Filter>03.Resource</Filter>
    </FxCompile>
    <FxCompile Include="..\..\Resource\Shader\light_h.fx">
      <Filter>03.Resource</Filter>
    </FxCompile>
  </ItemGroup>
</Project>